// !$*UTF8*$!
{
	archiveVersion = 1;
	classes = {
	};
	objectVersion = 56;
	objects = {

/* Begin PBXBuildFile section */
		572BA5D12A7CA19600460EA4 /* repoBeeApp.swift in Sources */ = {isa = PBXBuildFile; fileRef = 572BA5D02A7CA19600460EA4 /* repoBeeApp.swift */; };
		572BA5D52A7CA19800460EA4 /* Assets.xcassets in Resources */ = {isa = PBXBuildFile; fileRef = 572BA5D42A7CA19800460EA4 /* Assets.xcassets */; };
		572BA5D82A7CA19800460EA4 /* Preview Assets.xcassets in Resources */ = {isa = PBXBuildFile; fileRef = 572BA5D72A7CA19800460EA4 /* Preview Assets.xcassets */; };
		572BA5E52A7CA2B800460EA4 /* UserDefaults+Ext.swift in Sources */ = {isa = PBXBuildFile; fileRef = 572BA5DF2A7CA2B700460EA4 /* UserDefaults+Ext.swift */; };
		572BA5E62A7CA2B800460EA4 /* HomeView.swift in Sources */ = {isa = PBXBuildFile; fileRef = 572BA5E02A7CA2B800460EA4 /* HomeView.swift */; };
		572BA5E72A7CA2B800460EA4 /* ContentView.swift in Sources */ = {isa = PBXBuildFile; fileRef = 572BA5E12A7CA2B800460EA4 /* ContentView.swift */; };
		572BA5E82A7CA2B800460EA4 /* Contributor.swift in Sources */ = {isa = PBXBuildFile; fileRef = 572BA5E22A7CA2B800460EA4 /* Contributor.swift */; };
		572BA5E92A7CA2B800460EA4 /* NetworkManager.swift in Sources */ = {isa = PBXBuildFile; fileRef = 572BA5E32A7CA2B800460EA4 /* NetworkManager.swift */; };
		572BA5EB2A7CA3CA00460EA4 /* Repository.swift in Sources */ = {isa = PBXBuildFile; fileRef = 572BA5EA2A7CA3CA00460EA4 /* Repository.swift */; };
		572BA6202A7CB09A00460EA4 /* WidgetKit.framework in Frameworks */ = {isa = PBXBuildFile; fileRef = 572BA5F32A7CAB2D00460EA4 /* WidgetKit.framework */; };
		572BA6212A7CB09A00460EA4 /* SwiftUI.framework in Frameworks */ = {isa = PBXBuildFile; fileRef = 572BA5F52A7CAB2D00460EA4 /* SwiftUI.framework */; };
		572BA6242A7CB09A00460EA4 /* beeWidgetBundle.swift in Sources */ = {isa = PBXBuildFile; fileRef = 572BA6232A7CB09A00460EA4 /* beeWidgetBundle.swift */; };
		572BA6262A7CB09A00460EA4 /* beeWidgetProvider.swift in Sources */ = {isa = PBXBuildFile; fileRef = 572BA6252A7CB09A00460EA4 /* beeWidgetProvider.swift */; };
		572BA6282A7CB09B00460EA4 /* Assets.xcassets in Resources */ = {isa = PBXBuildFile; fileRef = 572BA6272A7CB09B00460EA4 /* Assets.xcassets */; };
		572BA62C2A7CB09B00460EA4 /* beeWidgetExtension.appex in Embed Foundation Extensions */ = {isa = PBXBuildFile; fileRef = 572BA61F2A7CB09900460EA4 /* beeWidgetExtension.appex */; settings = {ATTRIBUTES = (RemoveHeadersOnCopy, ); }; };
		572BA63E2A7CB31700460EA4 /* SingleRepoWidgetProvider.swift in Sources */ = {isa = PBXBuildFile; fileRef = 572BA6322A7CB31600460EA4 /* SingleRepoWidgetProvider.swift */; };
		572BA63F2A7CB31700460EA4 /* SingleRepoWidgetProvider.swift in Sources */ = {isa = PBXBuildFile; fileRef = 572BA6322A7CB31600460EA4 /* SingleRepoWidgetProvider.swift */; };
		572BA6402A7CB31700460EA4 /* DoubleRepoWidgetProvider.swift in Sources */ = {isa = PBXBuildFile; fileRef = 572BA6332A7CB31700460EA4 /* DoubleRepoWidgetProvider.swift */; };
		572BA6412A7CB31700460EA4 /* DoubleRepoWidgetProvider.swift in Sources */ = {isa = PBXBuildFile; fileRef = 572BA6332A7CB31700460EA4 /* DoubleRepoWidgetProvider.swift */; };
		572BA6422A7CB31700460EA4 /* MockData.swift in Sources */ = {isa = PBXBuildFile; fileRef = 572BA6342A7CB31700460EA4 /* MockData.swift */; };
		572BA6432A7CB31700460EA4 /* MockData.swift in Sources */ = {isa = PBXBuildFile; fileRef = 572BA6342A7CB31700460EA4 /* MockData.swift */; };
		572BA6482A7CB31700460EA4 /* WidgetBundle.swift in Sources */ = {isa = PBXBuildFile; fileRef = 572BA6372A7CB31700460EA4 /* WidgetBundle.swift */; };
		572BA6492A7CB31700460EA4 /* WidgetBundle.swift in Sources */ = {isa = PBXBuildFile; fileRef = 572BA6372A7CB31700460EA4 /* WidgetBundle.swift */; };
		572BA64A2A7CB31700460EA4 /* ContributorMediumView.swift in Sources */ = {isa = PBXBuildFile; fileRef = 572BA6382A7CB31700460EA4 /* ContributorMediumView.swift */; };
		572BA64B2A7CB31700460EA4 /* ContributorMediumView.swift in Sources */ = {isa = PBXBuildFile; fileRef = 572BA6382A7CB31700460EA4 /* ContributorMediumView.swift */; };
		572BA64C2A7CB31700460EA4 /* RepoMediumView.swift in Sources */ = {isa = PBXBuildFile; fileRef = 572BA6392A7CB31700460EA4 /* RepoMediumView.swift */; };
		572BA64D2A7CB31700460EA4 /* RepoMediumView.swift in Sources */ = {isa = PBXBuildFile; fileRef = 572BA6392A7CB31700460EA4 /* RepoMediumView.swift */; };
		572BA64E2A7CB65200460EA4 /* Contributor.swift in Sources */ = {isa = PBXBuildFile; fileRef = 572BA5E22A7CA2B800460EA4 /* Contributor.swift */; };
		572BA64F2A7CB66200460EA4 /* NetworkManager.swift in Sources */ = {isa = PBXBuildFile; fileRef = 572BA5E32A7CA2B800460EA4 /* NetworkManager.swift */; };
		572BA6542A7CB73A00460EA4 /* SelectRepoIntent.intentdefinition in Sources */ = {isa = PBXBuildFile; fileRef = 572BA6532A7CB73A00460EA4 /* SelectRepoIntent.intentdefinition */; };
		572BA6552A7CB73A00460EA4 /* SelectRepoIntent.intentdefinition in Sources */ = {isa = PBXBuildFile; fileRef = 572BA6532A7CB73A00460EA4 /* SelectRepoIntent.intentdefinition */; };
		572BA6572A7CB8D600460EA4 /* Repository.swift in Sources */ = {isa = PBXBuildFile; fileRef = 572BA5EA2A7CA3CA00460EA4 /* Repository.swift */; };
		572BA66D2A7CCBCD00460EA4 /* UserDefaults+Ext.swift in Sources */ = {isa = PBXBuildFile; fileRef = 572BA5DF2A7CA2B700460EA4 /* UserDefaults+Ext.swift */; };
		572BA6752A7CCE3800460EA4 /* Intents.framework in Frameworks */ = {isa = PBXBuildFile; fileRef = 572BA65E2A7CCA3800460EA4 /* Intents.framework */; };
		572BA6782A7CCE3800460EA4 /* IntentHandler.swift in Sources */ = {isa = PBXBuildFile; fileRef = 572BA6772A7CCE3800460EA4 /* IntentHandler.swift */; };
		572BA67C2A7CCE3800460EA4 /* beeIntens.appex in Embed Foundation Extensions */ = {isa = PBXBuildFile; fileRef = 572BA6742A7CCE3800460EA4 /* beeIntens.appex */; settings = {ATTRIBUTES = (RemoveHeadersOnCopy, ); }; };
		572BA6852A7CD3F700460EA4 /* UserDefaults+Ext.swift in Sources */ = {isa = PBXBuildFile; fileRef = 572BA5DF2A7CA2B700460EA4 /* UserDefaults+Ext.swift */; };
		572BA6862A7CD40E00460EA4 /* SelectRepoIntent.intentdefinition in Sources */ = {isa = PBXBuildFile; fileRef = 572BA6532A7CB73A00460EA4 /* SelectRepoIntent.intentdefinition */; };
		579D06FA2A89D0C50038CB20 /* LICENSE in Resources */ = {isa = PBXBuildFile; fileRef = 579D06F62A89D0C50038CB20 /* LICENSE */; };
		579D06FB2A89D0C50038CB20 /* LICENSE in Resources */ = {isa = PBXBuildFile; fileRef = 579D06F62A89D0C50038CB20 /* LICENSE */; };
		579D06FC2A89D0C50038CB20 /* LICENSE in Resources */ = {isa = PBXBuildFile; fileRef = 579D06F62A89D0C50038CB20 /* LICENSE */; };
		579D07002A89D0C50038CB20 /* README.md in Resources */ = {isa = PBXBuildFile; fileRef = 579D06F82A89D0C50038CB20 /* README.md */; };
		579D07012A89D0C50038CB20 /* README.md in Resources */ = {isa = PBXBuildFile; fileRef = 579D06F82A89D0C50038CB20 /* README.md */; };
		579D07022A89D0C50038CB20 /* README.md in Resources */ = {isa = PBXBuildFile; fileRef = 579D06F82A89D0C50038CB20 /* README.md */; };
		579D07032A89D0C50038CB20 /* NetworkKit in Resources */ = {isa = PBXBuildFile; fileRef = 579D06F92A89D0C50038CB20 /* NetworkKit */; };
		579D07042A89D0C50038CB20 /* NetworkKit in Resources */ = {isa = PBXBuildFile; fileRef = 579D06F92A89D0C50038CB20 /* NetworkKit */; };
		579D07052A89D0C50038CB20 /* NetworkKit in Resources */ = {isa = PBXBuildFile; fileRef = 579D06F92A89D0C50038CB20 /* NetworkKit */; };
		579D070A2A89D8250038CB20 /* ArrayExtensions.swift in Sources */ = {isa = PBXBuildFile; fileRef = 579D07072A89D8250038CB20 /* ArrayExtensions.swift */; };
		579D070B2A89D8250038CB20 /* ArrayExtensions.swift in Sources */ = {isa = PBXBuildFile; fileRef = 579D07072A89D8250038CB20 /* ArrayExtensions.swift */; };
		579D070C2A89D8250038CB20 /* ArrayExtensions.swift in Sources */ = {isa = PBXBuildFile; fileRef = 579D07072A89D8250038CB20 /* ArrayExtensions.swift */; };
		579D070D2A89D8250038CB20 /* ThemeExtensions.swift in Sources */ = {isa = PBXBuildFile; fileRef = 579D07082A89D8250038CB20 /* ThemeExtensions.swift */; };
		579D070E2A89D8250038CB20 /* ThemeExtensions.swift in Sources */ = {isa = PBXBuildFile; fileRef = 579D07082A89D8250038CB20 /* ThemeExtensions.swift */; };
		579D070F2A89D8250038CB20 /* ThemeExtensions.swift in Sources */ = {isa = PBXBuildFile; fileRef = 579D07082A89D8250038CB20 /* ThemeExtensions.swift */; };
		579D07102A89D8250038CB20 /* DateExtensions.swift in Sources */ = {isa = PBXBuildFile; fileRef = 579D07092A89D8250038CB20 /* DateExtensions.swift */; };
		579D07112A89D8250038CB20 /* DateExtensions.swift in Sources */ = {isa = PBXBuildFile; fileRef = 579D07092A89D8250038CB20 /* DateExtensions.swift */; };
		579D07122A89D8250038CB20 /* DateExtensions.swift in Sources */ = {isa = PBXBuildFile; fileRef = 579D07092A89D8250038CB20 /* DateExtensions.swift */; };
		579D07142A89D8670038CB20 /* GitHubContributionsGraphWidgetView.swift in Sources */ = {isa = PBXBuildFile; fileRef = 579D07132A89D8670038CB20 /* GitHubContributionsGraphWidgetView.swift */; };
		579D07152A89D8670038CB20 /* GitHubContributionsGraphWidgetView.swift in Sources */ = {isa = PBXBuildFile; fileRef = 579D07132A89D8670038CB20 /* GitHubContributionsGraphWidgetView.swift */; };
		579D07162A89D8670038CB20 /* GitHubContributionsGraphWidgetView.swift in Sources */ = {isa = PBXBuildFile; fileRef = 579D07132A89D8670038CB20 /* GitHubContributionsGraphWidgetView.swift */; };
		579D07182A89D87C0038CB20 /* GitHubContributionsViewModel.swift in Sources */ = {isa = PBXBuildFile; fileRef = 579D07172A89D87C0038CB20 /* GitHubContributionsViewModel.swift */; };
		579D07192A89D87C0038CB20 /* GitHubContributionsViewModel.swift in Sources */ = {isa = PBXBuildFile; fileRef = 579D07172A89D87C0038CB20 /* GitHubContributionsViewModel.swift */; };
		579D071A2A89D87C0038CB20 /* GitHubContributionsViewModel.swift in Sources */ = {isa = PBXBuildFile; fileRef = 579D07172A89D87C0038CB20 /* GitHubContributionsViewModel.swift */; };
		579D071C2A89D88B0038CB20 /* GitHubContributionsProvider.swift in Sources */ = {isa = PBXBuildFile; fileRef = 579D071B2A89D88B0038CB20 /* GitHubContributionsProvider.swift */; };
		579D071D2A89D88B0038CB20 /* GitHubContributionsProvider.swift in Sources */ = {isa = PBXBuildFile; fileRef = 579D071B2A89D88B0038CB20 /* GitHubContributionsProvider.swift */; };
		579D071E2A89D88B0038CB20 /* GitHubContributionsProvider.swift in Sources */ = {isa = PBXBuildFile; fileRef = 579D071B2A89D88B0038CB20 /* GitHubContributionsProvider.swift */; };
		579D07202A8B0B220038CB20 /* NetworkKit in Frameworks */ = {isa = PBXBuildFile; productRef = 579D071F2A8B0B220038CB20 /* NetworkKit */; };
		579D07222A8B0B290038CB20 /* NetworkKit in Frameworks */ = {isa = PBXBuildFile; productRef = 579D07212A8B0B290038CB20 /* NetworkKit */; };
		579D07242A8B0B2F0038CB20 /* NetworkKit in Frameworks */ = {isa = PBXBuildFile; productRef = 579D07232A8B0B2F0038CB20 /* NetworkKit */; };
		57AC548D2A8E1B20008D49E8 /* Assets.xcassets in Resources */ = {isa = PBXBuildFile; fileRef = 572BA5D42A7CA19800460EA4 /* Assets.xcassets */; };
/* End PBXBuildFile section */

/* Begin PBXContainerItemProxy section */
		572BA62A2A7CB09B00460EA4 /* PBXContainerItemProxy */ = {
			isa = PBXContainerItemProxy;
			containerPortal = 572BA5C52A7CA19600460EA4 /* Project object */;
			proxyType = 1;
			remoteGlobalIDString = 572BA61E2A7CB09900460EA4;
			remoteInfo = beeWidgetExtension;
		};
		572BA67A2A7CCE3800460EA4 /* PBXContainerItemProxy */ = {
			isa = PBXContainerItemProxy;
			containerPortal = 572BA5C52A7CA19600460EA4 /* Project object */;
			proxyType = 1;
			remoteGlobalIDString = 572BA6732A7CCE3800460EA4;
			remoteInfo = beeIntens;
		};
/* End PBXContainerItemProxy section */

/* Begin PBXCopyFilesBuildPhase section */
		572BA6052A7CAB2F00460EA4 /* Embed Foundation Extensions */ = {
			isa = PBXCopyFilesBuildPhase;
			buildActionMask = 2147483647;
			dstPath = "";
			dstSubfolderSpec = 13;
			files = (
				572BA67C2A7CCE3800460EA4 /* beeIntens.appex in Embed Foundation Extensions */,
				572BA62C2A7CB09B00460EA4 /* beeWidgetExtension.appex in Embed Foundation Extensions */,
			);
			name = "Embed Foundation Extensions";
			runOnlyForDeploymentPostprocessing = 0;
		};
/* End PBXCopyFilesBuildPhase section */

/* Begin PBXFileReference section */
		572BA5CD2A7CA19600460EA4 /* repoBee.app */ = {isa = PBXFileReference; explicitFileType = wrapper.application; includeInIndex = 0; path = repoBee.app; sourceTree = BUILT_PRODUCTS_DIR; };
		572BA5D02A7CA19600460EA4 /* repoBeeApp.swift */ = {isa = PBXFileReference; lastKnownFileType = sourcecode.swift; path = repoBeeApp.swift; sourceTree = "<group>"; };
		572BA5D42A7CA19800460EA4 /* Assets.xcassets */ = {isa = PBXFileReference; lastKnownFileType = folder.assetcatalog; path = Assets.xcassets; sourceTree = "<group>"; };
		572BA5D72A7CA19800460EA4 /* Preview Assets.xcassets */ = {isa = PBXFileReference; lastKnownFileType = folder.assetcatalog; path = "Preview Assets.xcassets"; sourceTree = "<group>"; };
		572BA5DF2A7CA2B700460EA4 /* UserDefaults+Ext.swift */ = {isa = PBXFileReference; fileEncoding = 4; lastKnownFileType = sourcecode.swift; path = "UserDefaults+Ext.swift"; sourceTree = "<group>"; };
		572BA5E02A7CA2B800460EA4 /* HomeView.swift */ = {isa = PBXFileReference; fileEncoding = 4; lastKnownFileType = sourcecode.swift; path = HomeView.swift; sourceTree = "<group>"; };
		572BA5E12A7CA2B800460EA4 /* ContentView.swift */ = {isa = PBXFileReference; fileEncoding = 4; lastKnownFileType = sourcecode.swift; path = ContentView.swift; sourceTree = "<group>"; };
		572BA5E22A7CA2B800460EA4 /* Contributor.swift */ = {isa = PBXFileReference; fileEncoding = 4; lastKnownFileType = sourcecode.swift; path = Contributor.swift; sourceTree = "<group>"; };
		572BA5E32A7CA2B800460EA4 /* NetworkManager.swift */ = {isa = PBXFileReference; fileEncoding = 4; lastKnownFileType = sourcecode.swift; path = NetworkManager.swift; sourceTree = "<group>"; };
		572BA5EA2A7CA3CA00460EA4 /* Repository.swift */ = {isa = PBXFileReference; fileEncoding = 4; lastKnownFileType = sourcecode.swift; path = Repository.swift; sourceTree = "<group>"; };
		572BA5F32A7CAB2D00460EA4 /* WidgetKit.framework */ = {isa = PBXFileReference; lastKnownFileType = wrapper.framework; name = WidgetKit.framework; path = System/Library/Frameworks/WidgetKit.framework; sourceTree = SDKROOT; };
		572BA5F52A7CAB2D00460EA4 /* SwiftUI.framework */ = {isa = PBXFileReference; lastKnownFileType = wrapper.framework; name = SwiftUI.framework; path = System/Library/Frameworks/SwiftUI.framework; sourceTree = SDKROOT; };
		572BA61F2A7CB09900460EA4 /* beeWidgetExtension.appex */ = {isa = PBXFileReference; explicitFileType = "wrapper.app-extension"; includeInIndex = 0; path = beeWidgetExtension.appex; sourceTree = BUILT_PRODUCTS_DIR; };
		572BA6232A7CB09A00460EA4 /* beeWidgetBundle.swift */ = {isa = PBXFileReference; lastKnownFileType = sourcecode.swift; path = beeWidgetBundle.swift; sourceTree = "<group>"; };
		572BA6252A7CB09A00460EA4 /* beeWidgetProvider.swift */ = {isa = PBXFileReference; lastKnownFileType = sourcecode.swift; path = beeWidgetProvider.swift; sourceTree = "<group>"; };
		572BA6272A7CB09B00460EA4 /* Assets.xcassets */ = {isa = PBXFileReference; lastKnownFileType = folder.assetcatalog; path = Assets.xcassets; sourceTree = "<group>"; };
		572BA6292A7CB09B00460EA4 /* Info.plist */ = {isa = PBXFileReference; lastKnownFileType = text.plist.xml; path = Info.plist; sourceTree = "<group>"; };
		572BA6322A7CB31600460EA4 /* SingleRepoWidgetProvider.swift */ = {isa = PBXFileReference; fileEncoding = 4; lastKnownFileType = sourcecode.swift; path = SingleRepoWidgetProvider.swift; sourceTree = "<group>"; };
		572BA6332A7CB31700460EA4 /* DoubleRepoWidgetProvider.swift */ = {isa = PBXFileReference; fileEncoding = 4; lastKnownFileType = sourcecode.swift; path = DoubleRepoWidgetProvider.swift; sourceTree = "<group>"; };
		572BA6342A7CB31700460EA4 /* MockData.swift */ = {isa = PBXFileReference; fileEncoding = 4; lastKnownFileType = sourcecode.swift; path = MockData.swift; sourceTree = "<group>"; };
		572BA6372A7CB31700460EA4 /* WidgetBundle.swift */ = {isa = PBXFileReference; fileEncoding = 4; lastKnownFileType = sourcecode.swift; path = WidgetBundle.swift; sourceTree = "<group>"; };
		572BA6382A7CB31700460EA4 /* ContributorMediumView.swift */ = {isa = PBXFileReference; fileEncoding = 4; lastKnownFileType = sourcecode.swift; path = ContributorMediumView.swift; sourceTree = "<group>"; };
		572BA6392A7CB31700460EA4 /* RepoMediumView.swift */ = {isa = PBXFileReference; fileEncoding = 4; lastKnownFileType = sourcecode.swift; path = RepoMediumView.swift; sourceTree = "<group>"; };
		572BA6532A7CB73A00460EA4 /* SelectRepoIntent.intentdefinition */ = {isa = PBXFileReference; lastKnownFileType = file.intentdefinition; path = SelectRepoIntent.intentdefinition; sourceTree = "<group>"; };
		572BA6562A7CB7ED00460EA4 /* Info.plist */ = {isa = PBXFileReference; lastKnownFileType = text.plist; path = Info.plist; sourceTree = "<group>"; };
		572BA6582A7CC81F00460EA4 /* repoBee.entitlements */ = {isa = PBXFileReference; lastKnownFileType = text.plist.entitlements; path = repoBee.entitlements; sourceTree = "<group>"; };
		572BA65E2A7CCA3800460EA4 /* Intents.framework */ = {isa = PBXFileReference; lastKnownFileType = wrapper.framework; name = Intents.framework; path = System/Library/Frameworks/Intents.framework; sourceTree = SDKROOT; };
		572BA6742A7CCE3800460EA4 /* beeIntens.appex */ = {isa = PBXFileReference; explicitFileType = "wrapper.app-extension"; includeInIndex = 0; path = beeIntens.appex; sourceTree = BUILT_PRODUCTS_DIR; };
		572BA6772A7CCE3800460EA4 /* IntentHandler.swift */ = {isa = PBXFileReference; lastKnownFileType = sourcecode.swift; path = IntentHandler.swift; sourceTree = "<group>"; };
		572BA6792A7CCE3800460EA4 /* Info.plist */ = {isa = PBXFileReference; lastKnownFileType = text.plist.xml; path = Info.plist; sourceTree = "<group>"; };
		572BA6842A7CCFF800460EA4 /* beeIntens.entitlements */ = {isa = PBXFileReference; lastKnownFileType = text.plist.entitlements; path = beeIntens.entitlements; sourceTree = "<group>"; };
		579D06F62A89D0C50038CB20 /* LICENSE */ = {isa = PBXFileReference; fileEncoding = 4; lastKnownFileType = text; path = LICENSE; sourceTree = "<group>"; };
		579D06F82A89D0C50038CB20 /* README.md */ = {isa = PBXFileReference; fileEncoding = 4; lastKnownFileType = net.daringfireball.markdown; path = README.md; sourceTree = "<group>"; };
		579D06F92A89D0C50038CB20 /* NetworkKit */ = {isa = PBXFileReference; lastKnownFileType = wrapper; path = NetworkKit; sourceTree = "<group>"; };
		579D07072A89D8250038CB20 /* ArrayExtensions.swift */ = {isa = PBXFileReference; fileEncoding = 4; lastKnownFileType = sourcecode.swift; path = ArrayExtensions.swift; sourceTree = "<group>"; };
		579D07082A89D8250038CB20 /* ThemeExtensions.swift */ = {isa = PBXFileReference; fileEncoding = 4; lastKnownFileType = sourcecode.swift; path = ThemeExtensions.swift; sourceTree = "<group>"; };
		579D07092A89D8250038CB20 /* DateExtensions.swift */ = {isa = PBXFileReference; fileEncoding = 4; lastKnownFileType = sourcecode.swift; path = DateExtensions.swift; sourceTree = "<group>"; };
		579D07132A89D8670038CB20 /* GitHubContributionsGraphWidgetView.swift */ = {isa = PBXFileReference; fileEncoding = 4; lastKnownFileType = sourcecode.swift; path = GitHubContributionsGraphWidgetView.swift; sourceTree = "<group>"; };
		579D07172A89D87C0038CB20 /* GitHubContributionsViewModel.swift */ = {isa = PBXFileReference; fileEncoding = 4; lastKnownFileType = sourcecode.swift; path = GitHubContributionsViewModel.swift; sourceTree = "<group>"; };
		579D071B2A89D88B0038CB20 /* GitHubContributionsProvider.swift */ = {isa = PBXFileReference; fileEncoding = 4; lastKnownFileType = sourcecode.swift; path = GitHubContributionsProvider.swift; sourceTree = "<group>"; };
		579D07252A8B100A0038CB20 /* InterfaceKit */ = {isa = PBXFileReference; lastKnownFileType = wrapper; name = InterfaceKit; path = ../../../../InterfaceKit; sourceTree = "<group>"; };
/* End PBXFileReference section */

/* Begin PBXFrameworksBuildPhase section */
		572BA5CA2A7CA19600460EA4 /* Frameworks */ = {
			isa = PBXFrameworksBuildPhase;
			buildActionMask = 2147483647;
			files = (
				579D07202A8B0B220038CB20 /* NetworkKit in Frameworks */,
			);
			runOnlyForDeploymentPostprocessing = 0;
		};
		572BA61C2A7CB09900460EA4 /* Frameworks */ = {
			isa = PBXFrameworksBuildPhase;
			buildActionMask = 2147483647;
			files = (
				579D07222A8B0B290038CB20 /* NetworkKit in Frameworks */,
				572BA6212A7CB09A00460EA4 /* SwiftUI.framework in Frameworks */,
				572BA6202A7CB09A00460EA4 /* WidgetKit.framework in Frameworks */,
			);
			runOnlyForDeploymentPostprocessing = 0;
		};
		572BA6712A7CCE3800460EA4 /* Frameworks */ = {
			isa = PBXFrameworksBuildPhase;
			buildActionMask = 2147483647;
			files = (
				579D07242A8B0B2F0038CB20 /* NetworkKit in Frameworks */,
				572BA6752A7CCE3800460EA4 /* Intents.framework in Frameworks */,
			);
			runOnlyForDeploymentPostprocessing = 0;
		};
/* End PBXFrameworksBuildPhase section */

/* Begin PBXGroup section */
		572BA5C42A7CA19600460EA4 = {
			isa = PBXGroup;
			children = (
				572BA5CF2A7CA19600460EA4 /* repoBee */,
				572BA6222A7CB09A00460EA4 /* beeWidget */,
				572BA6762A7CCE3800460EA4 /* beeIntens */,
				572BA5F22A7CAB2D00460EA4 /* Frameworks */,
				572BA5CE2A7CA19600460EA4 /* Products */,
			);
			sourceTree = "<group>";
		};
		572BA5CE2A7CA19600460EA4 /* Products */ = {
			isa = PBXGroup;
			children = (
				572BA5CD2A7CA19600460EA4 /* repoBee.app */,
				572BA61F2A7CB09900460EA4 /* beeWidgetExtension.appex */,
				572BA6742A7CCE3800460EA4 /* beeIntens.appex */,
			);
			name = Products;
			sourceTree = "<group>";
		};
		572BA5CF2A7CA19600460EA4 /* repoBee */ = {
			isa = PBXGroup;
			children = (
				579D06F52A89D0C50038CB20 /* resources */,
				572BA6582A7CC81F00460EA4 /* repoBee.entitlements */,
				572BA6562A7CB7ED00460EA4 /* Info.plist */,
				572BA5D02A7CA19600460EA4 /* repoBeeApp.swift */,
				572BA5E12A7CA2B800460EA4 /* ContentView.swift */,
				572BA5E22A7CA2B800460EA4 /* Contributor.swift */,
				572BA5E02A7CA2B800460EA4 /* HomeView.swift */,
				572BA5E32A7CA2B800460EA4 /* NetworkManager.swift */,
				572BA5DF2A7CA2B700460EA4 /* UserDefaults+Ext.swift */,
				572BA5EA2A7CA3CA00460EA4 /* Repository.swift */,
				572BA5D42A7CA19800460EA4 /* Assets.xcassets */,
				579D07062A89D8250038CB20 /* Extensions */,
				572BA5D62A7CA19800460EA4 /* Preview Content */,
			);
			path = repoBee;
			sourceTree = "<group>";
		};
		572BA5D62A7CA19800460EA4 /* Preview Content */ = {
			isa = PBXGroup;
			children = (
				572BA5D72A7CA19800460EA4 /* Preview Assets.xcassets */,
			);
			path = "Preview Content";
			sourceTree = "<group>";
		};
		572BA5F22A7CAB2D00460EA4 /* Frameworks */ = {
			isa = PBXGroup;
			children = (
				572BA5F32A7CAB2D00460EA4 /* WidgetKit.framework */,
				572BA5F52A7CAB2D00460EA4 /* SwiftUI.framework */,
				572BA65E2A7CCA3800460EA4 /* Intents.framework */,
			);
			name = Frameworks;
			sourceTree = "<group>";
		};
		572BA6222A7CB09A00460EA4 /* beeWidget */ = {
			isa = PBXGroup;
			children = (
				579D07132A89D8670038CB20 /* GitHubContributionsGraphWidgetView.swift */,
				579D07172A89D87C0038CB20 /* GitHubContributionsViewModel.swift */,
				579D071B2A89D88B0038CB20 /* GitHubContributionsProvider.swift */,
				572BA6382A7CB31700460EA4 /* ContributorMediumView.swift */,
				572BA6332A7CB31700460EA4 /* DoubleRepoWidgetProvider.swift */,
				572BA6342A7CB31700460EA4 /* MockData.swift */,
				572BA6392A7CB31700460EA4 /* RepoMediumView.swift */,
				572BA6322A7CB31600460EA4 /* SingleRepoWidgetProvider.swift */,
				572BA6372A7CB31700460EA4 /* WidgetBundle.swift */,
				572BA6232A7CB09A00460EA4 /* beeWidgetBundle.swift */,
				572BA6252A7CB09A00460EA4 /* beeWidgetProvider.swift */,
				572BA6272A7CB09B00460EA4 /* Assets.xcassets */,
				572BA6292A7CB09B00460EA4 /* Info.plist */,
				572BA6532A7CB73A00460EA4 /* SelectRepoIntent.intentdefinition */,
			);
			path = beeWidget;
			sourceTree = "<group>";
		};
		572BA6762A7CCE3800460EA4 /* beeIntens */ = {
			isa = PBXGroup;
			children = (
				572BA6842A7CCFF800460EA4 /* beeIntens.entitlements */,
				572BA6772A7CCE3800460EA4 /* IntentHandler.swift */,
				572BA6792A7CCE3800460EA4 /* Info.plist */,
			);
			path = beeIntens;
			sourceTree = "<group>";
		};
		579D06F52A89D0C50038CB20 /* resources */ = {
			isa = PBXGroup;
			children = (
				579D06F62A89D0C50038CB20 /* LICENSE */,
				579D07252A8B100A0038CB20 /* InterfaceKit */,
				579D06F82A89D0C50038CB20 /* README.md */,
				579D06F92A89D0C50038CB20 /* NetworkKit */,
			);
			path = resources;
			sourceTree = "<group>";
		};
		579D07062A89D8250038CB20 /* Extensions */ = {
			isa = PBXGroup;
			children = (
				579D07072A89D8250038CB20 /* ArrayExtensions.swift */,
				579D07082A89D8250038CB20 /* ThemeExtensions.swift */,
				579D07092A89D8250038CB20 /* DateExtensions.swift */,
			);
			path = Extensions;
			sourceTree = "<group>";
		};
/* End PBXGroup section */

/* Begin PBXNativeTarget section */
		572BA5CC2A7CA19600460EA4 /* repoBee */ = {
			isa = PBXNativeTarget;
			buildConfigurationList = 572BA5DB2A7CA19800460EA4 /* Build configuration list for PBXNativeTarget "repoBee" */;
			buildPhases = (
				572BA5C92A7CA19600460EA4 /* Sources */,
				572BA5CA2A7CA19600460EA4 /* Frameworks */,
				572BA5CB2A7CA19600460EA4 /* Resources */,
				572BA6052A7CAB2F00460EA4 /* Embed Foundation Extensions */,
			);
			buildRules = (
			);
			dependencies = (
				572BA62B2A7CB09B00460EA4 /* PBXTargetDependency */,
				572BA67B2A7CCE3800460EA4 /* PBXTargetDependency */,
			);
			name = repoBee;
			packageProductDependencies = (
				579D071F2A8B0B220038CB20 /* NetworkKit */,
			);
			productName = repoBee;
			productReference = 572BA5CD2A7CA19600460EA4 /* repoBee.app */;
			productType = "com.apple.product-type.application";
		};
		572BA61E2A7CB09900460EA4 /* beeWidgetExtension */ = {
			isa = PBXNativeTarget;
			buildConfigurationList = 572BA62D2A7CB09B00460EA4 /* Build configuration list for PBXNativeTarget "beeWidgetExtension" */;
			buildPhases = (
				572BA61B2A7CB09900460EA4 /* Sources */,
				572BA61C2A7CB09900460EA4 /* Frameworks */,
				572BA61D2A7CB09900460EA4 /* Resources */,
			);
			buildRules = (
			);
			dependencies = (
			);
			name = beeWidgetExtension;
			packageProductDependencies = (
				579D07212A8B0B290038CB20 /* NetworkKit */,
			);
			productName = beeWidgetExtension;
			productReference = 572BA61F2A7CB09900460EA4 /* beeWidgetExtension.appex */;
			productType = "com.apple.product-type.app-extension";
		};
		572BA6732A7CCE3800460EA4 /* beeIntens */ = {
			isa = PBXNativeTarget;
			buildConfigurationList = 572BA67D2A7CCE3800460EA4 /* Build configuration list for PBXNativeTarget "beeIntens" */;
			buildPhases = (
				572BA6702A7CCE3800460EA4 /* Sources */,
				572BA6712A7CCE3800460EA4 /* Frameworks */,
				572BA6722A7CCE3800460EA4 /* Resources */,
			);
			buildRules = (
			);
			dependencies = (
			);
			name = beeIntens;
			packageProductDependencies = (
				579D07232A8B0B2F0038CB20 /* NetworkKit */,
			);
			productName = beeIntens;
			productReference = 572BA6742A7CCE3800460EA4 /* beeIntens.appex */;
			productType = "com.apple.product-type.app-extension";
		};
/* End PBXNativeTarget section */

/* Begin PBXProject section */
		572BA5C52A7CA19600460EA4 /* Project object */ = {
			isa = PBXProject;
			attributes = {
				BuildIndependentTargetsInParallel = 1;
				LastSwiftUpdateCheck = 1430;
				LastUpgradeCheck = 1430;
				TargetAttributes = {
					572BA5CC2A7CA19600460EA4 = {
						CreatedOnToolsVersion = 14.3;
					};
					572BA61E2A7CB09900460EA4 = {
						CreatedOnToolsVersion = 14.3;
					};
					572BA6732A7CCE3800460EA4 = {
						CreatedOnToolsVersion = 14.3;
					};
				};
			};
			buildConfigurationList = 572BA5C82A7CA19600460EA4 /* Build configuration list for PBXProject "repoBee" */;
			compatibilityVersion = "Xcode 14.0";
			developmentRegion = en;
			hasScannedForEncodings = 0;
			knownRegions = (
				en,
				Base,
			);
			mainGroup = 572BA5C42A7CA19600460EA4;
			productRefGroup = 572BA5CE2A7CA19600460EA4 /* Products */;
			projectDirPath = "";
			projectRoot = "";
			targets = (
				572BA5CC2A7CA19600460EA4 /* repoBee */,
				572BA61E2A7CB09900460EA4 /* beeWidgetExtension */,
				572BA6732A7CCE3800460EA4 /* beeIntens */,
			);
		};
/* End PBXProject section */

/* Begin PBXResourcesBuildPhase section */
		572BA5CB2A7CA19600460EA4 /* Resources */ = {
			isa = PBXResourcesBuildPhase;
			buildActionMask = 2147483647;
			files = (
				579D07032A89D0C50038CB20 /* NetworkKit in Resources */,
				579D06FA2A89D0C50038CB20 /* LICENSE in Resources */,
				579D07002A89D0C50038CB20 /* README.md in Resources */,
				572BA5D82A7CA19800460EA4 /* Preview Assets.xcassets in Resources */,
				572BA5D52A7CA19800460EA4 /* Assets.xcassets in Resources */,
			);
			runOnlyForDeploymentPostprocessing = 0;
		};
		572BA61D2A7CB09900460EA4 /* Resources */ = {
			isa = PBXResourcesBuildPhase;
			buildActionMask = 2147483647;
			files = (
				579D06FB2A89D0C50038CB20 /* LICENSE in Resources */,
				579D07012A89D0C50038CB20 /* README.md in Resources */,
				579D07042A89D0C50038CB20 /* NetworkKit in Resources */,
				572BA6282A7CB09B00460EA4 /* Assets.xcassets in Resources */,
				57AC548D2A8E1B20008D49E8 /* Assets.xcassets in Resources */,
			);
			runOnlyForDeploymentPostprocessing = 0;
		};
		572BA6722A7CCE3800460EA4 /* Resources */ = {
			isa = PBXResourcesBuildPhase;
			buildActionMask = 2147483647;
			files = (
				579D07052A89D0C50038CB20 /* NetworkKit in Resources */,
				579D07022A89D0C50038CB20 /* README.md in Resources */,
				579D06FC2A89D0C50038CB20 /* LICENSE in Resources */,
			);
			runOnlyForDeploymentPostprocessing = 0;
		};
/* End PBXResourcesBuildPhase section */

/* Begin PBXSourcesBuildPhase section */
		572BA5C92A7CA19600460EA4 /* Sources */ = {
			isa = PBXSourcesBuildPhase;
			buildActionMask = 2147483647;
			files = (
				572BA5EB2A7CA3CA00460EA4 /* Repository.swift in Sources */,
				572BA6422A7CB31700460EA4 /* MockData.swift in Sources */,
				572BA6542A7CB73A00460EA4 /* SelectRepoIntent.intentdefinition in Sources */,
				572BA63E2A7CB31700460EA4 /* SingleRepoWidgetProvider.swift in Sources */,
				572BA5E82A7CA2B800460EA4 /* Contributor.swift in Sources */,
				579D07182A89D87C0038CB20 /* GitHubContributionsViewModel.swift in Sources */,
				572BA5E72A7CA2B800460EA4 /* ContentView.swift in Sources */,
				579D07102A89D8250038CB20 /* DateExtensions.swift in Sources */,
				572BA5E92A7CA2B800460EA4 /* NetworkManager.swift in Sources */,
				572BA6402A7CB31700460EA4 /* DoubleRepoWidgetProvider.swift in Sources */,
				572BA6482A7CB31700460EA4 /* WidgetBundle.swift in Sources */,
				579D071C2A89D88B0038CB20 /* GitHubContributionsProvider.swift in Sources */,
				572BA5E62A7CA2B800460EA4 /* HomeView.swift in Sources */,
				579D070D2A89D8250038CB20 /* ThemeExtensions.swift in Sources */,
				579D070A2A89D8250038CB20 /* ArrayExtensions.swift in Sources */,
				572BA5D12A7CA19600460EA4 /* repoBeeApp.swift in Sources */,
				572BA64A2A7CB31700460EA4 /* ContributorMediumView.swift in Sources */,
				572BA5E52A7CA2B800460EA4 /* UserDefaults+Ext.swift in Sources */,
				572BA64C2A7CB31700460EA4 /* RepoMediumView.swift in Sources */,
				579D07142A89D8670038CB20 /* GitHubContributionsGraphWidgetView.swift in Sources */,
			);
			runOnlyForDeploymentPostprocessing = 0;
		};
		572BA61B2A7CB09900460EA4 /* Sources */ = {
			isa = PBXSourcesBuildPhase;
			buildActionMask = 2147483647;
			files = (
				579D071D2A89D88B0038CB20 /* GitHubContributionsProvider.swift in Sources */,
				572BA64B2A7CB31700460EA4 /* ContributorMediumView.swift in Sources */,
				572BA6552A7CB73A00460EA4 /* SelectRepoIntent.intentdefinition in Sources */,
				572BA63F2A7CB31700460EA4 /* SingleRepoWidgetProvider.swift in Sources */,
				579D070E2A89D8250038CB20 /* ThemeExtensions.swift in Sources */,
				579D07112A89D8250038CB20 /* DateExtensions.swift in Sources */,
				572BA6412A7CB31700460EA4 /* DoubleRepoWidgetProvider.swift in Sources */,
				572BA64E2A7CB65200460EA4 /* Contributor.swift in Sources */,
				572BA6262A7CB09A00460EA4 /* beeWidgetProvider.swift in Sources */,
				579D07152A89D8670038CB20 /* GitHubContributionsGraphWidgetView.swift in Sources */,
				572BA6572A7CB8D600460EA4 /* Repository.swift in Sources */,
				572BA66D2A7CCBCD00460EA4 /* UserDefaults+Ext.swift in Sources */,
				572BA6242A7CB09A00460EA4 /* beeWidgetBundle.swift in Sources */,
				572BA6432A7CB31700460EA4 /* MockData.swift in Sources */,
				572BA64F2A7CB66200460EA4 /* NetworkManager.swift in Sources */,
				579D07192A89D87C0038CB20 /* GitHubContributionsViewModel.swift in Sources */,
				572BA64D2A7CB31700460EA4 /* RepoMediumView.swift in Sources */,
				572BA6492A7CB31700460EA4 /* WidgetBundle.swift in Sources */,
				579D070B2A89D8250038CB20 /* ArrayExtensions.swift in Sources */,
			);
			runOnlyForDeploymentPostprocessing = 0;
		};
		572BA6702A7CCE3800460EA4 /* Sources */ = {
			isa = PBXSourcesBuildPhase;
			buildActionMask = 2147483647;
			files = (
				572BA6852A7CD3F700460EA4 /* UserDefaults+Ext.swift in Sources */,
				572BA6782A7CCE3800460EA4 /* IntentHandler.swift in Sources */,
				579D070F2A89D8250038CB20 /* ThemeExtensions.swift in Sources */,
				579D071E2A89D88B0038CB20 /* GitHubContributionsProvider.swift in Sources */,
				579D071A2A89D87C0038CB20 /* GitHubContributionsViewModel.swift in Sources */,
				579D07162A89D8670038CB20 /* GitHubContributionsGraphWidgetView.swift in Sources */,
				572BA6862A7CD40E00460EA4 /* SelectRepoIntent.intentdefinition in Sources */,
				579D070C2A89D8250038CB20 /* ArrayExtensions.swift in Sources */,
				579D07122A89D8250038CB20 /* DateExtensions.swift in Sources */,
			);
			runOnlyForDeploymentPostprocessing = 0;
		};
/* End PBXSourcesBuildPhase section */

/* Begin PBXTargetDependency section */
		572BA62B2A7CB09B00460EA4 /* PBXTargetDependency */ = {
			isa = PBXTargetDependency;
			target = 572BA61E2A7CB09900460EA4 /* beeWidgetExtension */;
			targetProxy = 572BA62A2A7CB09B00460EA4 /* PBXContainerItemProxy */;
		};
		572BA67B2A7CCE3800460EA4 /* PBXTargetDependency */ = {
			isa = PBXTargetDependency;
			target = 572BA6732A7CCE3800460EA4 /* beeIntens */;
			targetProxy = 572BA67A2A7CCE3800460EA4 /* PBXContainerItemProxy */;
		};
/* End PBXTargetDependency section */

/* Begin XCBuildConfiguration section */
		572BA5D92A7CA19800460EA4 /* Debug */ = {
			isa = XCBuildConfiguration;
			buildSettings = {
				ALWAYS_SEARCH_USER_PATHS = NO;
				CLANG_ANALYZER_NONNULL = YES;
				CLANG_ANALYZER_NUMBER_OBJECT_CONVERSION = YES_AGGRESSIVE;
				CLANG_CXX_LANGUAGE_STANDARD = "gnu++20";
				CLANG_ENABLE_MODULES = YES;
				CLANG_ENABLE_OBJC_ARC = YES;
				CLANG_ENABLE_OBJC_WEAK = YES;
				CLANG_WARN_BLOCK_CAPTURE_AUTORELEASING = YES;
				CLANG_WARN_BOOL_CONVERSION = YES;
				CLANG_WARN_COMMA = YES;
				CLANG_WARN_CONSTANT_CONVERSION = YES;
				CLANG_WARN_DEPRECATED_OBJC_IMPLEMENTATIONS = YES;
				CLANG_WARN_DIRECT_OBJC_ISA_USAGE = YES_ERROR;
				CLANG_WARN_DOCUMENTATION_COMMENTS = YES;
				CLANG_WARN_EMPTY_BODY = YES;
				CLANG_WARN_ENUM_CONVERSION = YES;
				CLANG_WARN_INFINITE_RECURSION = YES;
				CLANG_WARN_INT_CONVERSION = YES;
				CLANG_WARN_NON_LITERAL_NULL_CONVERSION = YES;
				CLANG_WARN_OBJC_IMPLICIT_RETAIN_SELF = YES;
				CLANG_WARN_OBJC_LITERAL_CONVERSION = YES;
				CLANG_WARN_OBJC_ROOT_CLASS = YES_ERROR;
				CLANG_WARN_QUOTED_INCLUDE_IN_FRAMEWORK_HEADER = YES;
				CLANG_WARN_RANGE_LOOP_ANALYSIS = YES;
				CLANG_WARN_STRICT_PROTOTYPES = YES;
				CLANG_WARN_SUSPICIOUS_MOVE = YES;
				CLANG_WARN_UNGUARDED_AVAILABILITY = YES_AGGRESSIVE;
				CLANG_WARN_UNREACHABLE_CODE = YES;
				CLANG_WARN__DUPLICATE_METHOD_MATCH = YES;
				COPY_PHASE_STRIP = NO;
				DEBUG_INFORMATION_FORMAT = dwarf;
				ENABLE_STRICT_OBJC_MSGSEND = YES;
				ENABLE_TESTABILITY = YES;
				GCC_C_LANGUAGE_STANDARD = gnu11;
				GCC_DYNAMIC_NO_PIC = NO;
				GCC_NO_COMMON_BLOCKS = YES;
				GCC_OPTIMIZATION_LEVEL = 0;
				GCC_PREPROCESSOR_DEFINITIONS = (
					"DEBUG=1",
					"$(inherited)",
				);
				GCC_WARN_64_TO_32_BIT_CONVERSION = YES;
				GCC_WARN_ABOUT_RETURN_TYPE = YES_ERROR;
				GCC_WARN_UNDECLARED_SELECTOR = YES;
				GCC_WARN_UNINITIALIZED_AUTOS = YES_AGGRESSIVE;
				GCC_WARN_UNUSED_FUNCTION = YES;
				GCC_WARN_UNUSED_VARIABLE = YES;
				IPHONEOS_DEPLOYMENT_TARGET = 16.4;
				MTL_ENABLE_DEBUG_INFO = INCLUDE_SOURCE;
				MTL_FAST_MATH = YES;
				ONLY_ACTIVE_ARCH = YES;
				SDKROOT = iphoneos;
				SWIFT_ACTIVE_COMPILATION_CONDITIONS = DEBUG;
				SWIFT_OPTIMIZATION_LEVEL = "-Onone";
			};
			name = Debug;
		};
		572BA5DA2A7CA19800460EA4 /* Release */ = {
			isa = XCBuildConfiguration;
			buildSettings = {
				ALWAYS_SEARCH_USER_PATHS = NO;
				CLANG_ANALYZER_NONNULL = YES;
				CLANG_ANALYZER_NUMBER_OBJECT_CONVERSION = YES_AGGRESSIVE;
				CLANG_CXX_LANGUAGE_STANDARD = "gnu++20";
				CLANG_ENABLE_MODULES = YES;
				CLANG_ENABLE_OBJC_ARC = YES;
				CLANG_ENABLE_OBJC_WEAK = YES;
				CLANG_WARN_BLOCK_CAPTURE_AUTORELEASING = YES;
				CLANG_WARN_BOOL_CONVERSION = YES;
				CLANG_WARN_COMMA = YES;
				CLANG_WARN_CONSTANT_CONVERSION = YES;
				CLANG_WARN_DEPRECATED_OBJC_IMPLEMENTATIONS = YES;
				CLANG_WARN_DIRECT_OBJC_ISA_USAGE = YES_ERROR;
				CLANG_WARN_DOCUMENTATION_COMMENTS = YES;
				CLANG_WARN_EMPTY_BODY = YES;
				CLANG_WARN_ENUM_CONVERSION = YES;
				CLANG_WARN_INFINITE_RECURSION = YES;
				CLANG_WARN_INT_CONVERSION = YES;
				CLANG_WARN_NON_LITERAL_NULL_CONVERSION = YES;
				CLANG_WARN_OBJC_IMPLICIT_RETAIN_SELF = YES;
				CLANG_WARN_OBJC_LITERAL_CONVERSION = YES;
				CLANG_WARN_OBJC_ROOT_CLASS = YES_ERROR;
				CLANG_WARN_QUOTED_INCLUDE_IN_FRAMEWORK_HEADER = YES;
				CLANG_WARN_RANGE_LOOP_ANALYSIS = YES;
				CLANG_WARN_STRICT_PROTOTYPES = YES;
				CLANG_WARN_SUSPICIOUS_MOVE = YES;
				CLANG_WARN_UNGUARDED_AVAILABILITY = YES_AGGRESSIVE;
				CLANG_WARN_UNREACHABLE_CODE = YES;
				CLANG_WARN__DUPLICATE_METHOD_MATCH = YES;
				COPY_PHASE_STRIP = NO;
				DEBUG_INFORMATION_FORMAT = "dwarf-with-dsym";
				ENABLE_NS_ASSERTIONS = NO;
				ENABLE_STRICT_OBJC_MSGSEND = YES;
				GCC_C_LANGUAGE_STANDARD = gnu11;
				GCC_NO_COMMON_BLOCKS = YES;
				GCC_WARN_64_TO_32_BIT_CONVERSION = YES;
				GCC_WARN_ABOUT_RETURN_TYPE = YES_ERROR;
				GCC_WARN_UNDECLARED_SELECTOR = YES;
				GCC_WARN_UNINITIALIZED_AUTOS = YES_AGGRESSIVE;
				GCC_WARN_UNUSED_FUNCTION = YES;
				GCC_WARN_UNUSED_VARIABLE = YES;
				IPHONEOS_DEPLOYMENT_TARGET = 16.4;
				MTL_ENABLE_DEBUG_INFO = NO;
				MTL_FAST_MATH = YES;
				SDKROOT = iphoneos;
				SWIFT_COMPILATION_MODE = wholemodule;
				SWIFT_OPTIMIZATION_LEVEL = "-O";
				VALIDATE_PRODUCT = YES;
			};
			name = Release;
		};
		572BA5DC2A7CA19800460EA4 /* Debug */ = {
			isa = XCBuildConfiguration;
			buildSettings = {
				ALWAYS_EMBED_SWIFT_STANDARD_LIBRARIES = YES;
				ASSETCATALOG_COMPILER_APPICON_NAME = AppIcon;
				ASSETCATALOG_COMPILER_GLOBAL_ACCENT_COLOR_NAME = AccentColor;
				CODE_SIGN_ENTITLEMENTS = repoBee/repoBee.entitlements;
				CODE_SIGN_STYLE = Automatic;
				CURRENT_PROJECT_VERSION = 1;
				DEVELOPMENT_ASSET_PATHS = "\"repoBee/Preview Content\"";
				DEVELOPMENT_TEAM = 4NU36J8PP2;
				ENABLE_PREVIEWS = YES;
				GENERATE_INFOPLIST_FILE = YES;
				INFOPLIST_FILE = repoBee/Info.plist;
				INFOPLIST_KEY_UIApplicationSceneManifest_Generation = YES;
				INFOPLIST_KEY_UIApplicationSupportsIndirectInputEvents = YES;
				INFOPLIST_KEY_UILaunchScreen_Generation = YES;
				INFOPLIST_KEY_UISupportedInterfaceOrientations_iPad = "UIInterfaceOrientationPortrait UIInterfaceOrientationPortraitUpsideDown UIInterfaceOrientationLandscapeLeft UIInterfaceOrientationLandscapeRight";
				INFOPLIST_KEY_UISupportedInterfaceOrientations_iPhone = "UIInterfaceOrientationPortrait UIInterfaceOrientationLandscapeLeft UIInterfaceOrientationLandscapeRight";
				LD_RUNPATH_SEARCH_PATHS = (
					"$(inherited)",
					"@executable_path/Frameworks",
				);
				MARKETING_VERSION = 1.0;
				PRODUCT_BUNDLE_IDENTIFIER = com.debuggerlab.repoBee;
				PRODUCT_NAME = "$(TARGET_NAME)";
				SWIFT_EMIT_LOC_STRINGS = YES;
				SWIFT_VERSION = 5.0;
				TARGETED_DEVICE_FAMILY = "1,2";
			};
			name = Debug;
		};
		572BA5DD2A7CA19800460EA4 /* Release */ = {
			isa = XCBuildConfiguration;
			buildSettings = {
				ALWAYS_EMBED_SWIFT_STANDARD_LIBRARIES = YES;
				ASSETCATALOG_COMPILER_APPICON_NAME = AppIcon;
				ASSETCATALOG_COMPILER_GLOBAL_ACCENT_COLOR_NAME = AccentColor;
				CODE_SIGN_ENTITLEMENTS = repoBee/repoBee.entitlements;
				CODE_SIGN_STYLE = Automatic;
				CURRENT_PROJECT_VERSION = 1;
				DEVELOPMENT_ASSET_PATHS = "\"repoBee/Preview Content\"";
				DEVELOPMENT_TEAM = 4NU36J8PP2;
				ENABLE_PREVIEWS = YES;
				GENERATE_INFOPLIST_FILE = YES;
				INFOPLIST_FILE = repoBee/Info.plist;
				INFOPLIST_KEY_UIApplicationSceneManifest_Generation = YES;
				INFOPLIST_KEY_UIApplicationSupportsIndirectInputEvents = YES;
				INFOPLIST_KEY_UILaunchScreen_Generation = YES;
				INFOPLIST_KEY_UISupportedInterfaceOrientations_iPad = "UIInterfaceOrientationPortrait UIInterfaceOrientationPortraitUpsideDown UIInterfaceOrientationLandscapeLeft UIInterfaceOrientationLandscapeRight";
				INFOPLIST_KEY_UISupportedInterfaceOrientations_iPhone = "UIInterfaceOrientationPortrait UIInterfaceOrientationLandscapeLeft UIInterfaceOrientationLandscapeRight";
				LD_RUNPATH_SEARCH_PATHS = (
					"$(inherited)",
					"@executable_path/Frameworks",
				);
				MARKETING_VERSION = 1.0;
				PRODUCT_BUNDLE_IDENTIFIER = com.debuggerlab.repoBee;
				PRODUCT_NAME = "$(TARGET_NAME)";
				SWIFT_EMIT_LOC_STRINGS = YES;
				SWIFT_VERSION = 5.0;
				TARGETED_DEVICE_FAMILY = "1,2";
			};
			name = Release;
		};
		572BA62E2A7CB09B00460EA4 /* Debug */ = {
			isa = XCBuildConfiguration;
			buildSettings = {
				ASSETCATALOG_COMPILER_GLOBAL_ACCENT_COLOR_NAME = AccentColor;
				ASSETCATALOG_COMPILER_WIDGET_BACKGROUND_COLOR_NAME = WidgetBackground;
				CODE_SIGN_STYLE = Automatic;
				CURRENT_PROJECT_VERSION = 1;
				DEVELOPMENT_TEAM = 4NU36J8PP2;
				GENERATE_INFOPLIST_FILE = YES;
				INFOPLIST_FILE = beeWidget/Info.plist;
				INFOPLIST_KEY_CFBundleDisplayName = beeWidget;
				INFOPLIST_KEY_NSHumanReadableCopyright = "";
				LD_RUNPATH_SEARCH_PATHS = (
					"$(inherited)",
					"@executable_path/Frameworks",
					"@executable_path/../../Frameworks",
				);
				MARKETING_VERSION = 1.0;
				PRODUCT_BUNDLE_IDENTIFIER = com.debuggerlab.repoBee.beeWidget;
				PRODUCT_NAME = "$(TARGET_NAME)";
				SKIP_INSTALL = YES;
				SWIFT_EMIT_LOC_STRINGS = YES;
				SWIFT_VERSION = 5.0;
				TARGETED_DEVICE_FAMILY = "1,2";
			};
			name = Debug;
		};
		572BA62F2A7CB09B00460EA4 /* Release */ = {
			isa = XCBuildConfiguration;
			buildSettings = {
				ASSETCATALOG_COMPILER_GLOBAL_ACCENT_COLOR_NAME = AccentColor;
				ASSETCATALOG_COMPILER_WIDGET_BACKGROUND_COLOR_NAME = WidgetBackground;
				CODE_SIGN_STYLE = Automatic;
				CURRENT_PROJECT_VERSION = 1;
				DEVELOPMENT_TEAM = 4NU36J8PP2;
				GENERATE_INFOPLIST_FILE = YES;
				INFOPLIST_FILE = beeWidget/Info.plist;
				INFOPLIST_KEY_CFBundleDisplayName = beeWidget;
				INFOPLIST_KEY_NSHumanReadableCopyright = "";
				LD_RUNPATH_SEARCH_PATHS = (
					"$(inherited)",
					"@executable_path/Frameworks",
					"@executable_path/../../Frameworks",
				);
				MARKETING_VERSION = 1.0;
				PRODUCT_BUNDLE_IDENTIFIER = com.debuggerlab.repoBee.beeWidget;
				PRODUCT_NAME = "$(TARGET_NAME)";
				SKIP_INSTALL = YES;
				SWIFT_EMIT_LOC_STRINGS = YES;
				SWIFT_VERSION = 5.0;
				TARGETED_DEVICE_FAMILY = "1,2";
			};
			name = Release;
		};
		572BA67E2A7CCE3800460EA4 /* Debug */ = {
			isa = XCBuildConfiguration;
			buildSettings = {
				CODE_SIGN_ENTITLEMENTS = beeIntens/beeIntens.entitlements;
				CODE_SIGN_STYLE = Automatic;
				CURRENT_PROJECT_VERSION = 1;
				DEVELOPMENT_TEAM = 4NU36J8PP2;
				GENERATE_INFOPLIST_FILE = YES;
				INFOPLIST_FILE = beeIntens/Info.plist;
				INFOPLIST_KEY_CFBundleDisplayName = beeIntens;
				INFOPLIST_KEY_NSHumanReadableCopyright = "";
				LD_RUNPATH_SEARCH_PATHS = (
					"$(inherited)",
					"@executable_path/Frameworks",
					"@executable_path/../../Frameworks",
				);
				MARKETING_VERSION = 1.0;
				PRODUCT_BUNDLE_IDENTIFIER = com.debuggerlab.repoBee.beeIntens;
				PRODUCT_NAME = "$(TARGET_NAME)";
				SKIP_INSTALL = YES;
				SWIFT_EMIT_LOC_STRINGS = YES;
				SWIFT_VERSION = 5.0;
				TARGETED_DEVICE_FAMILY = "1,2";
			};
			name = Debug;
		};
		572BA67F2A7CCE3800460EA4 /* Release */ = {
			isa = XCBuildConfiguration;
			buildSettings = {
				CODE_SIGN_ENTITLEMENTS = beeIntens/beeIntens.entitlements;
				CODE_SIGN_STYLE = Automatic;
				CURRENT_PROJECT_VERSION = 1;
				DEVELOPMENT_TEAM = 4NU36J8PP2;
				GENERATE_INFOPLIST_FILE = YES;
				INFOPLIST_FILE = beeIntens/Info.plist;
				INFOPLIST_KEY_CFBundleDisplayName = beeIntens;
				INFOPLIST_KEY_NSHumanReadableCopyright = "";
				LD_RUNPATH_SEARCH_PATHS = (
					"$(inherited)",
					"@executable_path/Frameworks",
					"@executable_path/../../Frameworks",
				);
				MARKETING_VERSION = 1.0;
				PRODUCT_BUNDLE_IDENTIFIER = com.debuggerlab.repoBee.beeIntens;
				PRODUCT_NAME = "$(TARGET_NAME)";
				SKIP_INSTALL = YES;
				SWIFT_EMIT_LOC_STRINGS = YES;
				SWIFT_VERSION = 5.0;
				TARGETED_DEVICE_FAMILY = "1,2";
			};
			name = Release;
		};
/* End XCBuildConfiguration section */

/* Begin XCConfigurationList section */
		572BA5C82A7CA19600460EA4 /* Build configuration list for PBXProject "repoBee" */ = {
			isa = XCConfigurationList;
			buildConfigurations = (
				572BA5D92A7CA19800460EA4 /* Debug */,
				572BA5DA2A7CA19800460EA4 /* Release */,
			);
			defaultConfigurationIsVisible = 0;
			defaultConfigurationName = Release;
		};
		572BA5DB2A7CA19800460EA4 /* Build configuration list for PBXNativeTarget "repoBee" */ = {
			isa = XCConfigurationList;
			buildConfigurations = (
				572BA5DC2A7CA19800460EA4 /* Debug */,
				572BA5DD2A7CA19800460EA4 /* Release */,
			);
			defaultConfigurationIsVisible = 0;
			defaultConfigurationName = Release;
		};
		572BA62D2A7CB09B00460EA4 /* Build configuration list for PBXNativeTarget "beeWidgetExtension" */ = {
			isa = XCConfigurationList;
			buildConfigurations = (
				572BA62E2A7CB09B00460EA4 /* Debug */,
				572BA62F2A7CB09B00460EA4 /* Release */,
			);
			defaultConfigurationIsVisible = 0;
			defaultConfigurationName = Release;
		};
		572BA67D2A7CCE3800460EA4 /* Build configuration list for PBXNativeTarget "beeIntens" */ = {
			isa = XCConfigurationList;
			buildConfigurations = (
				572BA67E2A7CCE3800460EA4 /* Debug */,
				572BA67F2A7CCE3800460EA4 /* Release */,
			);
			defaultConfigurationIsVisible = 0;
			defaultConfigurationName = Release;
		};
/* End XCConfigurationList section */

/* Begin XCSwiftPackageProductDependency section */
		579D071F2A8B0B220038CB20 /* NetworkKit */ = {
			isa = XCSwiftPackageProductDependency;
			productName = NetworkKit;
		};
		579D07212A8B0B290038CB20 /* NetworkKit */ = {
			isa = XCSwiftPackageProductDependency;
			productName = NetworkKit;
		};
		579D07232A8B0B2F0038CB20 /* NetworkKit */ = {
			isa = XCSwiftPackageProductDependency;
			productName = NetworkKit;
		};
/* End XCSwiftPackageProductDependency section */
	};
	rootObject = 572BA5C52A7CA19600460EA4 /* Project object */;
}
