// !$*UTF8*$!
{
	archiveVersion = 1;
	classes = {
	};
	objectVersion = 56;
	objects = {

/* Begin PBXBuildFile section */
		572BA5D12A7CA19600460EA4 /* repoBeeApp.swift in Sources */ = {isa = PBXBuildFile; fileRef = 572BA5D02A7CA19600460EA4 /* repoBeeApp.swift */; };
		572BA5D52A7CA19800460EA4 /* Assets.xcassets in Resources */ = {isa = PBXBuildFile; fileRef = 572BA5D42A7CA19800460EA4 /* Assets.xcassets */; };
		572BA5D82A7CA19800460EA4 /* Preview Assets.xcassets in Resources */ = {isa = PBXBuildFile; fileRef = 572BA5D72A7CA19800460EA4 /* Preview Assets.xcassets */; };
		572BA5E52A7CA2B800460EA4 /* UserDefaults+Ext.swift in Sources */ = {isa = PBXBuildFile; fileRef = 572BA5DF2A7CA2B700460EA4 /* UserDefaults+Ext.swift */; };
		572BA5E62A7CA2B800460EA4 /* HomeView.swift in Sources */ = {isa = PBXBuildFile; fileRef = 572BA5E02A7CA2B800460EA4 /* HomeView.swift */; };
		572BA5E72A7CA2B800460EA4 /* ContentView.swift in Sources */ = {isa = PBXBuildFile; fileRef = 572BA5E12A7CA2B800460EA4 /* ContentView.swift */; };
		572BA5E82A7CA2B800460EA4 /* Contributor.swift in Sources */ = {isa = PBXBuildFile; fileRef = 572BA5E22A7CA2B800460EA4 /* Contributor.swift */; };
		572BA5E92A7CA2B800460EA4 /* NetworkManager.swift in Sources */ = {isa = PBXBuildFile; fileRef = 572BA5E32A7CA2B800460EA4 /* NetworkManager.swift */; };
		572BA5EB2A7CA3CA00460EA4 /* Repository.swift in Sources */ = {isa = PBXBuildFile; fileRef = 572BA5EA2A7CA3CA00460EA4 /* Repository.swift */; };
		572BA5F42A7CAB2D00460EA4 /* WidgetKit.framework in Frameworks */ = {isa = PBXBuildFile; fileRef = 572BA5F32A7CAB2D00460EA4 /* WidgetKit.framework */; };
		572BA5F62A7CAB2D00460EA4 /* SwiftUI.framework in Frameworks */ = {isa = PBXBuildFile; fileRef = 572BA5F52A7CAB2D00460EA4 /* SwiftUI.framework */; };
		572BA5F92A7CAB2D00460EA4 /* WidgetBundle.swift in Sources */ = {isa = PBXBuildFile; fileRef = 572BA5F82A7CAB2D00460EA4 /* WidgetBundle.swift */; };
		572BA5FB2A7CAB2D00460EA4 /* Widget.swift in Sources */ = {isa = PBXBuildFile; fileRef = 572BA5FA2A7CAB2D00460EA4 /* Widget.swift */; };
		572BA5FD2A7CAB2F00460EA4 /* Assets.xcassets in Resources */ = {isa = PBXBuildFile; fileRef = 572BA5FC2A7CAB2F00460EA4 /* Assets.xcassets */; };
		572BA6012A7CAB2F00460EA4 /* WidgetExtension.appex in Embed Foundation Extensions */ = {isa = PBXBuildFile; fileRef = 572BA5F12A7CAB2D00460EA4 /* WidgetExtension.appex */; settings = {ATTRIBUTES = (RemoveHeadersOnCopy, ); }; };
/* End PBXBuildFile section */

/* Begin PBXContainerItemProxy section */
		572BA5FF2A7CAB2F00460EA4 /* PBXContainerItemProxy */ = {
			isa = PBXContainerItemProxy;
			containerPortal = 572BA5C52A7CA19600460EA4 /* Project object */;
			proxyType = 1;
			remoteGlobalIDString = 572BA5F02A7CAB2D00460EA4;
			remoteInfo = WidgetExtension;
		};
/* End PBXContainerItemProxy section */

/* Begin PBXCopyFilesBuildPhase section */
		572BA6052A7CAB2F00460EA4 /* Embed Foundation Extensions */ = {
			isa = PBXCopyFilesBuildPhase;
			buildActionMask = 2147483647;
			dstPath = "";
			dstSubfolderSpec = 13;
			files = (
				572BA6012A7CAB2F00460EA4 /* WidgetExtension.appex in Embed Foundation Extensions */,
			);
			name = "Embed Foundation Extensions";
			runOnlyForDeploymentPostprocessing = 0;
		};
/* End PBXCopyFilesBuildPhase section */

/* Begin PBXFileReference section */
		572BA5CD2A7CA19600460EA4 /* repoBee.app */ = {isa = PBXFileReference; explicitFileType = wrapper.application; includeInIndex = 0; path = repoBee.app; sourceTree = BUILT_PRODUCTS_DIR; };
		572BA5D02A7CA19600460EA4 /* repoBeeApp.swift */ = {isa = PBXFileReference; lastKnownFileType = sourcecode.swift; path = repoBeeApp.swift; sourceTree = "<group>"; };
		572BA5D42A7CA19800460EA4 /* Assets.xcassets */ = {isa = PBXFileReference; lastKnownFileType = folder.assetcatalog; path = Assets.xcassets; sourceTree = "<group>"; };
		572BA5D72A7CA19800460EA4 /* Preview Assets.xcassets */ = {isa = PBXFileReference; lastKnownFileType = folder.assetcatalog; path = "Preview Assets.xcassets"; sourceTree = "<group>"; };
		572BA5DF2A7CA2B700460EA4 /* UserDefaults+Ext.swift */ = {isa = PBXFileReference; fileEncoding = 4; lastKnownFileType = sourcecode.swift; path = "UserDefaults+Ext.swift"; sourceTree = "<group>"; };
		572BA5E02A7CA2B800460EA4 /* HomeView.swift */ = {isa = PBXFileReference; fileEncoding = 4; lastKnownFileType = sourcecode.swift; path = HomeView.swift; sourceTree = "<group>"; };
		572BA5E12A7CA2B800460EA4 /* ContentView.swift */ = {isa = PBXFileReference; fileEncoding = 4; lastKnownFileType = sourcecode.swift; path = ContentView.swift; sourceTree = "<group>"; };
		572BA5E22A7CA2B800460EA4 /* Contributor.swift */ = {isa = PBXFileReference; fileEncoding = 4; lastKnownFileType = sourcecode.swift; path = Contributor.swift; sourceTree = "<group>"; };
		572BA5E32A7CA2B800460EA4 /* NetworkManager.swift */ = {isa = PBXFileReference; fileEncoding = 4; lastKnownFileType = sourcecode.swift; path = NetworkManager.swift; sourceTree = "<group>"; };
		572BA5EA2A7CA3CA00460EA4 /* Repository.swift */ = {isa = PBXFileReference; fileEncoding = 4; lastKnownFileType = sourcecode.swift; path = Repository.swift; sourceTree = "<group>"; };
		572BA5F12A7CAB2D00460EA4 /* WidgetExtension.appex */ = {isa = PBXFileReference; explicitFileType = "wrapper.app-extension"; includeInIndex = 0; path = WidgetExtension.appex; sourceTree = BUILT_PRODUCTS_DIR; };
		572BA5F32A7CAB2D00460EA4 /* WidgetKit.framework */ = {isa = PBXFileReference; lastKnownFileType = wrapper.framework; name = WidgetKit.framework; path = System/Library/Frameworks/WidgetKit.framework; sourceTree = SDKROOT; };
		572BA5F52A7CAB2D00460EA4 /* SwiftUI.framework */ = {isa = PBXFileReference; lastKnownFileType = wrapper.framework; name = SwiftUI.framework; path = System/Library/Frameworks/SwiftUI.framework; sourceTree = SDKROOT; };
		572BA5F82A7CAB2D00460EA4 /* WidgetBundle.swift */ = {isa = PBXFileReference; lastKnownFileType = sourcecode.swift; path = WidgetBundle.swift; sourceTree = "<group>"; };
		572BA5FA2A7CAB2D00460EA4 /* Widget.swift */ = {isa = PBXFileReference; lastKnownFileType = sourcecode.swift; path = Widget.swift; sourceTree = "<group>"; };
		572BA5FC2A7CAB2F00460EA4 /* Assets.xcassets */ = {isa = PBXFileReference; lastKnownFileType = folder.assetcatalog; path = Assets.xcassets; sourceTree = "<group>"; };
		572BA5FE2A7CAB2F00460EA4 /* Info.plist */ = {isa = PBXFileReference; lastKnownFileType = text.plist.xml; path = Info.plist; sourceTree = "<group>"; };
/* End PBXFileReference section */

/* Begin PBXFrameworksBuildPhase section */
		572BA5CA2A7CA19600460EA4 /* Frameworks */ = {
			isa = PBXFrameworksBuildPhase;
			buildActionMask = 2147483647;
			files = (
			);
			runOnlyForDeploymentPostprocessing = 0;
		};
		572BA5EE2A7CAB2D00460EA4 /* Frameworks */ = {
			isa = PBXFrameworksBuildPhase;
			buildActionMask = 2147483647;
			files = (
				572BA5F62A7CAB2D00460EA4 /* SwiftUI.framework in Frameworks */,
				572BA5F42A7CAB2D00460EA4 /* WidgetKit.framework in Frameworks */,
			);
			runOnlyForDeploymentPostprocessing = 0;
		};
/* End PBXFrameworksBuildPhase section */

/* Begin PBXGroup section */
		572BA5C42A7CA19600460EA4 = {
			isa = PBXGroup;
			children = (
				572BA5CF2A7CA19600460EA4 /* repoBee */,
				572BA5F72A7CAB2D00460EA4 /* Widget */,
				572BA5F22A7CAB2D00460EA4 /* Frameworks */,
				572BA5CE2A7CA19600460EA4 /* Products */,
			);
			sourceTree = "<group>";
		};
		572BA5CE2A7CA19600460EA4 /* Products */ = {
			isa = PBXGroup;
			children = (
				572BA5CD2A7CA19600460EA4 /* repoBee.app */,
				572BA5F12A7CAB2D00460EA4 /* WidgetExtension.appex */,
			);
			name = Products;
			sourceTree = "<group>";
		};
		572BA5CF2A7CA19600460EA4 /* repoBee */ = {
			isa = PBXGroup;
			children = (
				572BA5D02A7CA19600460EA4 /* repoBeeApp.swift */,
				572BA5E12A7CA2B800460EA4 /* ContentView.swift */,
				572BA5E22A7CA2B800460EA4 /* Contributor.swift */,
				572BA5E02A7CA2B800460EA4 /* HomeView.swift */,
				572BA5E32A7CA2B800460EA4 /* NetworkManager.swift */,
				572BA5DF2A7CA2B700460EA4 /* UserDefaults+Ext.swift */,
				572BA5EA2A7CA3CA00460EA4 /* Repository.swift */,
				572BA5D42A7CA19800460EA4 /* Assets.xcassets */,
				572BA5D62A7CA19800460EA4 /* Preview Content */,
			);
			path = repoBee;
			sourceTree = "<group>";
		};
		572BA5D62A7CA19800460EA4 /* Preview Content */ = {
			isa = PBXGroup;
			children = (
				572BA5D72A7CA19800460EA4 /* Preview Assets.xcassets */,
			);
			path = "Preview Content";
			sourceTree = "<group>";
		};
		572BA5F22A7CAB2D00460EA4 /* Frameworks */ = {
			isa = PBXGroup;
			children = (
				572BA5F32A7CAB2D00460EA4 /* WidgetKit.framework */,
				572BA5F52A7CAB2D00460EA4 /* SwiftUI.framework */,
			);
			name = Frameworks;
			sourceTree = "<group>";
		};
		572BA5F72A7CAB2D00460EA4 /* Widget */ = {
			isa = PBXGroup;
			children = (
				572BA5F82A7CAB2D00460EA4 /* WidgetBundle.swift */,
				572BA5FA2A7CAB2D00460EA4 /* Widget.swift */,
				572BA5FC2A7CAB2F00460EA4 /* Assets.xcassets */,
				572BA5FE2A7CAB2F00460EA4 /* Info.plist */,
			);
			path = Widget;
			sourceTree = "<group>";
		};
/* End PBXGroup section */

/* Begin PBXNativeTarget section */
		572BA5CC2A7CA19600460EA4 /* repoBee */ = {
			isa = PBXNativeTarget;
			buildConfigurationList = 572BA5DB2A7CA19800460EA4 /* Build configuration list for PBXNativeTarget "repoBee" */;
			buildPhases = (
				572BA5C92A7CA19600460EA4 /* Sources */,
				572BA5CA2A7CA19600460EA4 /* Frameworks */,
				572BA5CB2A7CA19600460EA4 /* Resources */,
				572BA6052A7CAB2F00460EA4 /* Embed Foundation Extensions */,
			);
			buildRules = (
			);
			dependencies = (
				572BA6002A7CAB2F00460EA4 /* PBXTargetDependency */,
			);
			name = repoBee;
			productName = repoBee;
			productReference = 572BA5CD2A7CA19600460EA4 /* repoBee.app */;
			productType = "com.apple.product-type.application";
		};
		572BA5F02A7CAB2D00460EA4 /* WidgetExtension */ = {
			isa = PBXNativeTarget;
			buildConfigurationList = 572BA6022A7CAB2F00460EA4 /* Build configuration list for PBXNativeTarget "WidgetExtension" */;
			buildPhases = (
				572BA5ED2A7CAB2D00460EA4 /* Sources */,
				572BA5EE2A7CAB2D00460EA4 /* Frameworks */,
				572BA5EF2A7CAB2D00460EA4 /* Resources */,
			);
			buildRules = (
			);
			dependencies = (
			);
			name = WidgetExtension;
			productName = WidgetExtension;
			productReference = 572BA5F12A7CAB2D00460EA4 /* WidgetExtension.appex */;
			productType = "com.apple.product-type.app-extension";
		};
/* End PBXNativeTarget section */

/* Begin PBXProject section */
		572BA5C52A7CA19600460EA4 /* Project object */ = {
			isa = PBXProject;
			attributes = {
				BuildIndependentTargetsInParallel = 1;
				LastSwiftUpdateCheck = 1430;
				LastUpgradeCheck = 1430;
				TargetAttributes = {
					572BA5CC2A7CA19600460EA4 = {
						CreatedOnToolsVersion = 14.3;
					};
					572BA5F02A7CAB2D00460EA4 = {
						CreatedOnToolsVersion = 14.3;
					};
				};
			};
			buildConfigurationList = 572BA5C82A7CA19600460EA4 /* Build configuration list for PBXProject "repoBee" */;
			compatibilityVersion = "Xcode 14.0";
			developmentRegion = en;
			hasScannedForEncodings = 0;
			knownRegions = (
				en,
				Base,
			);
			mainGroup = 572BA5C42A7CA19600460EA4;
			productRefGroup = 572BA5CE2A7CA19600460EA4 /* Products */;
			projectDirPath = "";
			projectRoot = "";
			targets = (
				572BA5CC2A7CA19600460EA4 /* repoBee */,
				572BA5F02A7CAB2D00460EA4 /* WidgetExtension */,
			);
		};
/* End PBXProject section */

/* Begin PBXResourcesBuildPhase section */
		572BA5CB2A7CA19600460EA4 /* Resources */ = {
			isa = PBXResourcesBuildPhase;
			buildActionMask = 2147483647;
			files = (
				572BA5D82A7CA19800460EA4 /* Preview Assets.xcassets in Resources */,
				572BA5D52A7CA19800460EA4 /* Assets.xcassets in Resources */,
			);
			runOnlyForDeploymentPostprocessing = 0;
		};
		572BA5EF2A7CAB2D00460EA4 /* Resources */ = {
			isa = PBXResourcesBuildPhase;
			buildActionMask = 2147483647;
			files = (
				572BA5FD2A7CAB2F00460EA4 /* Assets.xcassets in Resources */,
			);
			runOnlyForDeploymentPostprocessing = 0;
		};
/* End PBXResourcesBuildPhase section */

/* Begin PBXSourcesBuildPhase section */
		572BA5C92A7CA19600460EA4 /* Sources */ = {
			isa = PBXSourcesBuildPhase;
			buildActionMask = 2147483647;
			files = (
				572BA5EB2A7CA3CA00460EA4 /* Repository.swift in Sources */,
				572BA5E82A7CA2B800460EA4 /* Contributor.swift in Sources */,
				572BA5E72A7CA2B800460EA4 /* ContentView.swift in Sources */,
				572BA5E92A7CA2B800460EA4 /* NetworkManager.swift in Sources */,
				572BA5E62A7CA2B800460EA4 /* HomeView.swift in Sources */,
				572BA5D12A7CA19600460EA4 /* repoBeeApp.swift in Sources */,
				572BA5E52A7CA2B800460EA4 /* UserDefaults+Ext.swift in Sources */,
			);
			runOnlyForDeploymentPostprocessing = 0;
		};
		572BA5ED2A7CAB2D00460EA4 /* Sources */ = {
			isa = PBXSourcesBuildPhase;
			buildActionMask = 2147483647;
			files = (
				572BA5F92A7CAB2D00460EA4 /* WidgetBundle.swift in Sources */,
				572BA5FB2A7CAB2D00460EA4 /* Widget.swift in Sources */,
			);
			runOnlyForDeploymentPostprocessing = 0;
		};
/* End PBXSourcesBuildPhase section */

/* Begin PBXTargetDependency section */
		572BA6002A7CAB2F00460EA4 /* PBXTargetDependency */ = {
			isa = PBXTargetDependency;
			target = 572BA5F02A7CAB2D00460EA4 /* WidgetExtension */;
			targetProxy = 572BA5FF2A7CAB2F00460EA4 /* PBXContainerItemProxy */;
		};
/* End PBXTargetDependency section */

/* Begin XCBuildConfiguration section */
		572BA5D92A7CA19800460EA4 /* Debug */ = {
			isa = XCBuildConfiguration;
			buildSettings = {
				ALWAYS_SEARCH_USER_PATHS = NO;
				CLANG_ANALYZER_NONNULL = YES;
				CLANG_ANALYZER_NUMBER_OBJECT_CONVERSION = YES_AGGRESSIVE;
				CLANG_CXX_LANGUAGE_STANDARD = "gnu++20";
				CLANG_ENABLE_MODULES = YES;
				CLANG_ENABLE_OBJC_ARC = YES;
				CLANG_ENABLE_OBJC_WEAK = YES;
				CLANG_WARN_BLOCK_CAPTURE_AUTORELEASING = YES;
				CLANG_WARN_BOOL_CONVERSION = YES;
				CLANG_WARN_COMMA = YES;
				CLANG_WARN_CONSTANT_CONVERSION = YES;
				CLANG_WARN_DEPRECATED_OBJC_IMPLEMENTATIONS = YES;
				CLANG_WARN_DIRECT_OBJC_ISA_USAGE = YES_ERROR;
				CLANG_WARN_DOCUMENTATION_COMMENTS = YES;
				CLANG_WARN_EMPTY_BODY = YES;
				CLANG_WARN_ENUM_CONVERSION = YES;
				CLANG_WARN_INFINITE_RECURSION = YES;
				CLANG_WARN_INT_CONVERSION = YES;
				CLANG_WARN_NON_LITERAL_NULL_CONVERSION = YES;
				CLANG_WARN_OBJC_IMPLICIT_RETAIN_SELF = YES;
				CLANG_WARN_OBJC_LITERAL_CONVERSION = YES;
				CLANG_WARN_OBJC_ROOT_CLASS = YES_ERROR;
				CLANG_WARN_QUOTED_INCLUDE_IN_FRAMEWORK_HEADER = YES;
				CLANG_WARN_RANGE_LOOP_ANALYSIS = YES;
				CLANG_WARN_STRICT_PROTOTYPES = YES;
				CLANG_WARN_SUSPICIOUS_MOVE = YES;
				CLANG_WARN_UNGUARDED_AVAILABILITY = YES_AGGRESSIVE;
				CLANG_WARN_UNREACHABLE_CODE = YES;
				CLANG_WARN__DUPLICATE_METHOD_MATCH = YES;
				COPY_PHASE_STRIP = NO;
				DEBUG_INFORMATION_FORMAT = dwarf;
				ENABLE_STRICT_OBJC_MSGSEND = YES;
				ENABLE_TESTABILITY = YES;
				GCC_C_LANGUAGE_STANDARD = gnu11;
				GCC_DYNAMIC_NO_PIC = NO;
				GCC_NO_COMMON_BLOCKS = YES;
				GCC_OPTIMIZATION_LEVEL = 0;
				GCC_PREPROCESSOR_DEFINITIONS = (
					"DEBUG=1",
					"$(inherited)",
				);
				GCC_WARN_64_TO_32_BIT_CONVERSION = YES;
				GCC_WARN_ABOUT_RETURN_TYPE = YES_ERROR;
				GCC_WARN_UNDECLARED_SELECTOR = YES;
				GCC_WARN_UNINITIALIZED_AUTOS = YES_AGGRESSIVE;
				GCC_WARN_UNUSED_FUNCTION = YES;
				GCC_WARN_UNUSED_VARIABLE = YES;
				IPHONEOS_DEPLOYMENT_TARGET = 16.4;
				MTL_ENABLE_DEBUG_INFO = INCLUDE_SOURCE;
				MTL_FAST_MATH = YES;
				ONLY_ACTIVE_ARCH = YES;
				SDKROOT = iphoneos;
				SWIFT_ACTIVE_COMPILATION_CONDITIONS = DEBUG;
				SWIFT_OPTIMIZATION_LEVEL = "-Onone";
			};
			name = Debug;
		};
		572BA5DA2A7CA19800460EA4 /* Release */ = {
			isa = XCBuildConfiguration;
			buildSettings = {
				ALWAYS_SEARCH_USER_PATHS = NO;
				CLANG_ANALYZER_NONNULL = YES;
				CLANG_ANALYZER_NUMBER_OBJECT_CONVERSION = YES_AGGRESSIVE;
				CLANG_CXX_LANGUAGE_STANDARD = "gnu++20";
				CLANG_ENABLE_MODULES = YES;
				CLANG_ENABLE_OBJC_ARC = YES;
				CLANG_ENABLE_OBJC_WEAK = YES;
				CLANG_WARN_BLOCK_CAPTURE_AUTORELEASING = YES;
				CLANG_WARN_BOOL_CONVERSION = YES;
				CLANG_WARN_COMMA = YES;
				CLANG_WARN_CONSTANT_CONVERSION = YES;
				CLANG_WARN_DEPRECATED_OBJC_IMPLEMENTATIONS = YES;
				CLANG_WARN_DIRECT_OBJC_ISA_USAGE = YES_ERROR;
				CLANG_WARN_DOCUMENTATION_COMMENTS = YES;
				CLANG_WARN_EMPTY_BODY = YES;
				CLANG_WARN_ENUM_CONVERSION = YES;
				CLANG_WARN_INFINITE_RECURSION = YES;
				CLANG_WARN_INT_CONVERSION = YES;
				CLANG_WARN_NON_LITERAL_NULL_CONVERSION = YES;
				CLANG_WARN_OBJC_IMPLICIT_RETAIN_SELF = YES;
				CLANG_WARN_OBJC_LITERAL_CONVERSION = YES;
				CLANG_WARN_OBJC_ROOT_CLASS = YES_ERROR;
				CLANG_WARN_QUOTED_INCLUDE_IN_FRAMEWORK_HEADER = YES;
				CLANG_WARN_RANGE_LOOP_ANALYSIS = YES;
				CLANG_WARN_STRICT_PROTOTYPES = YES;
				CLANG_WARN_SUSPICIOUS_MOVE = YES;
				CLANG_WARN_UNGUARDED_AVAILABILITY = YES_AGGRESSIVE;
				CLANG_WARN_UNREACHABLE_CODE = YES;
				CLANG_WARN__DUPLICATE_METHOD_MATCH = YES;
				COPY_PHASE_STRIP = NO;
				DEBUG_INFORMATION_FORMAT = "dwarf-with-dsym";
				ENABLE_NS_ASSERTIONS = NO;
				ENABLE_STRICT_OBJC_MSGSEND = YES;
				GCC_C_LANGUAGE_STANDARD = gnu11;
				GCC_NO_COMMON_BLOCKS = YES;
				GCC_WARN_64_TO_32_BIT_CONVERSION = YES;
				GCC_WARN_ABOUT_RETURN_TYPE = YES_ERROR;
				GCC_WARN_UNDECLARED_SELECTOR = YES;
				GCC_WARN_UNINITIALIZED_AUTOS = YES_AGGRESSIVE;
				GCC_WARN_UNUSED_FUNCTION = YES;
				GCC_WARN_UNUSED_VARIABLE = YES;
				IPHONEOS_DEPLOYMENT_TARGET = 16.4;
				MTL_ENABLE_DEBUG_INFO = NO;
				MTL_FAST_MATH = YES;
				SDKROOT = iphoneos;
				SWIFT_COMPILATION_MODE = wholemodule;
				SWIFT_OPTIMIZATION_LEVEL = "-O";
				VALIDATE_PRODUCT = YES;
			};
			name = Release;
		};
		572BA5DC2A7CA19800460EA4 /* Debug */ = {
			isa = XCBuildConfiguration;
			buildSettings = {
				ALWAYS_EMBED_SWIFT_STANDARD_LIBRARIES = YES;
				ASSETCATALOG_COMPILER_APPICON_NAME = AppIcon;
				ASSETCATALOG_COMPILER_GLOBAL_ACCENT_COLOR_NAME = AccentColor;
				CODE_SIGN_STYLE = Automatic;
				CURRENT_PROJECT_VERSION = 1;
				DEVELOPMENT_ASSET_PATHS = "\"repoBee/Preview Content\"";
				DEVELOPMENT_TEAM = 4NU36J8PP2;
				ENABLE_PREVIEWS = YES;
				GENERATE_INFOPLIST_FILE = YES;
				INFOPLIST_KEY_UIApplicationSceneManifest_Generation = YES;
				INFOPLIST_KEY_UIApplicationSupportsIndirectInputEvents = YES;
				INFOPLIST_KEY_UILaunchScreen_Generation = YES;
				INFOPLIST_KEY_UISupportedInterfaceOrientations_iPad = "UIInterfaceOrientationPortrait UIInterfaceOrientationPortraitUpsideDown UIInterfaceOrientationLandscapeLeft UIInterfaceOrientationLandscapeRight";
				INFOPLIST_KEY_UISupportedInterfaceOrientations_iPhone = "UIInterfaceOrientationPortrait UIInterfaceOrientationLandscapeLeft UIInterfaceOrientationLandscapeRight";
				LD_RUNPATH_SEARCH_PATHS = (
					"$(inherited)",
					"@executable_path/Frameworks",
				);
				MARKETING_VERSION = 1.0;
				PRODUCT_BUNDLE_IDENTIFIER = com.debuggerlab.repoBee;
				PRODUCT_NAME = "$(TARGET_NAME)";
				SWIFT_EMIT_LOC_STRINGS = YES;
				SWIFT_VERSION = 5.0;
				TARGETED_DEVICE_FAMILY = "1,2";
			};
			name = Debug;
		};
		572BA5DD2A7CA19800460EA4 /* Release */ = {
			isa = XCBuildConfiguration;
			buildSettings = {
				ALWAYS_EMBED_SWIFT_STANDARD_LIBRARIES = YES;
				ASSETCATALOG_COMPILER_APPICON_NAME = AppIcon;
				ASSETCATALOG_COMPILER_GLOBAL_ACCENT_COLOR_NAME = AccentColor;
				CODE_SIGN_STYLE = Automatic;
				CURRENT_PROJECT_VERSION = 1;
				DEVELOPMENT_ASSET_PATHS = "\"repoBee/Preview Content\"";
				DEVELOPMENT_TEAM = 4NU36J8PP2;
				ENABLE_PREVIEWS = YES;
				GENERATE_INFOPLIST_FILE = YES;
				INFOPLIST_KEY_UIApplicationSceneManifest_Generation = YES;
				INFOPLIST_KEY_UIApplicationSupportsIndirectInputEvents = YES;
				INFOPLIST_KEY_UILaunchScreen_Generation = YES;
				INFOPLIST_KEY_UISupportedInterfaceOrientations_iPad = "UIInterfaceOrientationPortrait UIInterfaceOrientationPortraitUpsideDown UIInterfaceOrientationLandscapeLeft UIInterfaceOrientationLandscapeRight";
				INFOPLIST_KEY_UISupportedInterfaceOrientations_iPhone = "UIInterfaceOrientationPortrait UIInterfaceOrientationLandscapeLeft UIInterfaceOrientationLandscapeRight";
				LD_RUNPATH_SEARCH_PATHS = (
					"$(inherited)",
					"@executable_path/Frameworks",
				);
				MARKETING_VERSION = 1.0;
				PRODUCT_BUNDLE_IDENTIFIER = com.debuggerlab.repoBee;
				PRODUCT_NAME = "$(TARGET_NAME)";
				SWIFT_EMIT_LOC_STRINGS = YES;
				SWIFT_VERSION = 5.0;
				TARGETED_DEVICE_FAMILY = "1,2";
			};
			name = Release;
		};
		572BA6032A7CAB2F00460EA4 /* Debug */ = {
			isa = XCBuildConfiguration;
			buildSettings = {
				ASSETCATALOG_COMPILER_GLOBAL_ACCENT_COLOR_NAME = AccentColor;
				ASSETCATALOG_COMPILER_WIDGET_BACKGROUND_COLOR_NAME = WidgetBackground;
				CODE_SIGN_STYLE = Automatic;
				CURRENT_PROJECT_VERSION = 1;
				DEVELOPMENT_TEAM = 4NU36J8PP2;
				GENERATE_INFOPLIST_FILE = YES;
				INFOPLIST_FILE = Widget/Info.plist;
				INFOPLIST_KEY_CFBundleDisplayName = Widget;
				INFOPLIST_KEY_NSHumanReadableCopyright = "";
				LD_RUNPATH_SEARCH_PATHS = (
					"$(inherited)",
					"@executable_path/Frameworks",
					"@executable_path/../../Frameworks",
				);
				MARKETING_VERSION = 1.0;
				PRODUCT_BUNDLE_IDENTIFIER = com.debuggerlab.repoBee.Widget;
				PRODUCT_NAME = "$(TARGET_NAME)";
				SKIP_INSTALL = YES;
				SWIFT_EMIT_LOC_STRINGS = YES;
				SWIFT_VERSION = 5.0;
				TARGETED_DEVICE_FAMILY = "1,2";
			};
			name = Debug;
		};
		572BA6042A7CAB2F00460EA4 /* Release */ = {
			isa = XCBuildConfiguration;
			buildSettings = {
				ASSETCATALOG_COMPILER_GLOBAL_ACCENT_COLOR_NAME = AccentColor;
				ASSETCATALOG_COMPILER_WIDGET_BACKGROUND_COLOR_NAME = WidgetBackground;
				CODE_SIGN_STYLE = Automatic;
				CURRENT_PROJECT_VERSION = 1;
				DEVELOPMENT_TEAM = 4NU36J8PP2;
				GENERATE_INFOPLIST_FILE = YES;
				INFOPLIST_FILE = Widget/Info.plist;
				INFOPLIST_KEY_CFBundleDisplayName = Widget;
				INFOPLIST_KEY_NSHumanReadableCopyright = "";
				LD_RUNPATH_SEARCH_PATHS = (
					"$(inherited)",
					"@executable_path/Frameworks",
					"@executable_path/../../Frameworks",
				);
				MARKETING_VERSION = 1.0;
				PRODUCT_BUNDLE_IDENTIFIER = com.debuggerlab.repoBee.Widget;
				PRODUCT_NAME = "$(TARGET_NAME)";
				SKIP_INSTALL = YES;
				SWIFT_EMIT_LOC_STRINGS = YES;
				SWIFT_VERSION = 5.0;
				TARGETED_DEVICE_FAMILY = "1,2";
			};
			name = Release;
		};
/* End XCBuildConfiguration section */

/* Begin XCConfigurationList section */
		572BA5C82A7CA19600460EA4 /* Build configuration list for PBXProject "repoBee" */ = {
			isa = XCConfigurationList;
			buildConfigurations = (
				572BA5D92A7CA19800460EA4 /* Debug */,
				572BA5DA2A7CA19800460EA4 /* Release */,
			);
			defaultConfigurationIsVisible = 0;
			defaultConfigurationName = Release;
		};
		572BA5DB2A7CA19800460EA4 /* Build configuration list for PBXNativeTarget "repoBee" */ = {
			isa = XCConfigurationList;
			buildConfigurations = (
				572BA5DC2A7CA19800460EA4 /* Debug */,
				572BA5DD2A7CA19800460EA4 /* Release */,
			);
			defaultConfigurationIsVisible = 0;
			defaultConfigurationName = Release;
		};
		572BA6022A7CAB2F00460EA4 /* Build configuration list for PBXNativeTarget "WidgetExtension" */ = {
			isa = XCConfigurationList;
			buildConfigurations = (
				572BA6032A7CAB2F00460EA4 /* Debug */,
				572BA6042A7CAB2F00460EA4 /* Release */,
			);
			defaultConfigurationIsVisible = 0;
			defaultConfigurationName = Release;
		};
/* End XCConfigurationList section */
	};
	rootObject = 572BA5C52A7CA19600460EA4 /* Project object */;
}
