// !$*UTF8*$!
{
	archiveVersion = 1;
	classes = {
	};
	objectVersion = 56;
	objects = {

/* Begin PBXBuildFile section */
		4218D8F829BEDF8D003D511B /* WidgetBundle.swift in Sources */ = {isa = PBXBuildFile; fileRef = 4218D8F729BEDF8D003D511B /* WidgetBundle.swift */; };
		4218D8FA29BEF7D0003D511B /* SingleRepoWidget.swift in Sources */ = {isa = PBXBuildFile; fileRef = 4218D8F929BEF7D0003D511B /* SingleRepoWidget.swift */; };
		4219636F29AC8F7C00CBFCD5 /* WidgetKit.framework in Frameworks */ = {isa = PBXBuildFile; fileRef = 4219636E29AC8F7B00CBFCD5 /* WidgetKit.framework */; };
		4219637129AC8F7C00CBFCD5 /* SwiftUI.framework in Frameworks */ = {isa = PBXBuildFile; fileRef = 4219637029AC8F7C00CBFCD5 /* SwiftUI.framework */; };
		4219637429AC8F7C00CBFCD5 /* repoWatcherWidgetBundle.swift in Sources */ = {isa = PBXBuildFile; fileRef = 4219637329AC8F7C00CBFCD5 /* repoWatcherWidgetBundle.swift */; };
		4219637629AC8F7C00CBFCD5 /* DoubleRepoWidget.swift in Sources */ = {isa = PBXBuildFile; fileRef = 4219637529AC8F7C00CBFCD5 /* DoubleRepoWidget.swift */; };
		4219637829AC8F7E00CBFCD5 /* Assets.xcassets in Resources */ = {isa = PBXBuildFile; fileRef = 4219637729AC8F7E00CBFCD5 /* Assets.xcassets */; };
		4219637C29AC8F7E00CBFCD5 /* repoWatcherWidgetExtension.appex in Embed Foundation Extensions */ = {isa = PBXBuildFile; fileRef = 4219636C29AC8F7B00CBFCD5 /* repoWatcherWidgetExtension.appex */; settings = {ATTRIBUTES = (RemoveHeadersOnCopy, ); }; };
		4219638229ACA50C00CBFCD5 /* Repository.swift in Sources */ = {isa = PBXBuildFile; fileRef = 4219638129ACA50C00CBFCD5 /* Repository.swift */; };
		4219638329ACA50C00CBFCD5 /* Repository.swift in Sources */ = {isa = PBXBuildFile; fileRef = 4219638129ACA50C00CBFCD5 /* Repository.swift */; };
		4219D8B629AD99730052052A /* NetworkManager.swift in Sources */ = {isa = PBXBuildFile; fileRef = 4219D8B529AD99730052052A /* NetworkManager.swift */; };
		4219D8B729AD99730052052A /* NetworkManager.swift in Sources */ = {isa = PBXBuildFile; fileRef = 4219D8B529AD99730052052A /* NetworkManager.swift */; };
		422FF55629C017AB00F202CA /* ContributorMediumView.swift in Sources */ = {isa = PBXBuildFile; fileRef = 422FF55529C017AB00F202CA /* ContributorMediumView.swift */; };
		422FF55829C01BEB00F202CA /* Contributor.swift in Sources */ = {isa = PBXBuildFile; fileRef = 422FF55729C01BEB00F202CA /* Contributor.swift */; };
		422FF55929C01BEB00F202CA /* Contributor.swift in Sources */ = {isa = PBXBuildFile; fileRef = 422FF55729C01BEB00F202CA /* Contributor.swift */; };
		423698D229B8597D00816211 /* RepoMediumView.swift in Sources */ = {isa = PBXBuildFile; fileRef = 423698D129B8597D00816211 /* RepoMediumView.swift */; };
		423698D329B8597D00816211 /* RepoMediumView.swift in Sources */ = {isa = PBXBuildFile; fileRef = 423698D129B8597D00816211 /* RepoMediumView.swift */; };
		426AE2F829CD811700F87599 /* UserDefaults+Ext.swift in Sources */ = {isa = PBXBuildFile; fileRef = 426AE2F729CD811700F87599 /* UserDefaults+Ext.swift */; };
		4291622129BEBFEB00A853C2 /* MockData.swift in Sources */ = {isa = PBXBuildFile; fileRef = 4291622029BEBFEB00A853C2 /* MockData.swift */; };
		4291622229BEBFEB00A853C2 /* MockData.swift in Sources */ = {isa = PBXBuildFile; fileRef = 4291622029BEBFEB00A853C2 /* MockData.swift */; };
		42CF6A4129AC5ABA0090A51D /* repoWatcherApp.swift in Sources */ = {isa = PBXBuildFile; fileRef = 42CF6A4029AC5ABA0090A51D /* repoWatcherApp.swift */; };
		42CF6A4329AC5ABA0090A51D /* ContentView.swift in Sources */ = {isa = PBXBuildFile; fileRef = 42CF6A4229AC5ABA0090A51D /* ContentView.swift */; };
		42CF6A4529AC5ABC0090A51D /* Assets.xcassets in Resources */ = {isa = PBXBuildFile; fileRef = 42CF6A4429AC5ABC0090A51D /* Assets.xcassets */; };
		42CF6A4829AC5ABC0090A51D /* Preview Assets.xcassets in Resources */ = {isa = PBXBuildFile; fileRef = 42CF6A4729AC5ABC0090A51D /* Preview Assets.xcassets */; };
		42DAEFCB29DAAF66001413B8 /* SelectRepoIntent.intentdefinition in Sources */ = {isa = PBXBuildFile; fileRef = 42DAEFCA29DAAF66001413B8 /* SelectRepoIntent.intentdefinition */; };
		42DAEFCC29DAAF66001413B8 /* SelectRepoIntent.intentdefinition in Sources */ = {isa = PBXBuildFile; fileRef = 42DAEFCA29DAAF66001413B8 /* SelectRepoIntent.intentdefinition */; };
		42DAEFD429DAB0F6001413B8 /* Intents.framework in Frameworks */ = {isa = PBXBuildFile; fileRef = 42DAEFD329DAB0F6001413B8 /* Intents.framework */; };
		42DAEFD729DAB0F7001413B8 /* IntentHandler.swift in Sources */ = {isa = PBXBuildFile; fileRef = 42DAEFD629DAB0F7001413B8 /* IntentHandler.swift */; };
		42DAEFDB29DAB0F7001413B8 /* RepoWatcherIntense.appex in Embed Foundation Extensions */ = {isa = PBXBuildFile; fileRef = 42DAEFD229DAB0F6001413B8 /* RepoWatcherIntense.appex */; settings = {ATTRIBUTES = (RemoveHeadersOnCopy, ); }; };
		42DAEFE029DAB475001413B8 /* SelectRepoIntent.intentdefinition in Sources */ = {isa = PBXBuildFile; fileRef = 42DAEFCA29DAAF66001413B8 /* SelectRepoIntent.intentdefinition */; };
		42DAEFE229DAB4FB001413B8 /* UserDefaults+Ext.swift in Sources */ = {isa = PBXBuildFile; fileRef = 426AE2F729CD811700F87599 /* UserDefaults+Ext.swift */; };
/* End PBXBuildFile section */

/* Begin PBXContainerItemProxy section */
		4219637A29AC8F7E00CBFCD5 /* PBXContainerItemProxy */ = {
			isa = PBXContainerItemProxy;
			containerPortal = 42CF6A3529AC5ABA0090A51D /* Project object */;
			proxyType = 1;
			remoteGlobalIDString = 4219636B29AC8F7B00CBFCD5;
			remoteInfo = repoWatcherWidgetExtension;
		};
		42DAEFD929DAB0F7001413B8 /* PBXContainerItemProxy */ = {
			isa = PBXContainerItemProxy;
			containerPortal = 42CF6A3529AC5ABA0090A51D /* Project object */;
			proxyType = 1;
			remoteGlobalIDString = 42DAEFD129DAB0F6001413B8;
			remoteInfo = RepoWatcherIntense;
		};
/* End PBXContainerItemProxy section */

/* Begin PBXCopyFilesBuildPhase section */
		4219637D29AC8F7E00CBFCD5 /* Embed Foundation Extensions */ = {
			isa = PBXCopyFilesBuildPhase;
			buildActionMask = 2147483647;
			dstPath = "";
			dstSubfolderSpec = 13;
			files = (
				42DAEFDB29DAB0F7001413B8 /* RepoWatcherIntense.appex in Embed Foundation Extensions */,
				4219637C29AC8F7E00CBFCD5 /* repoWatcherWidgetExtension.appex in Embed Foundation Extensions */,
			);
			name = "Embed Foundation Extensions";
			runOnlyForDeploymentPostprocessing = 0;
		};
/* End PBXCopyFilesBuildPhase section */

/* Begin PBXFileReference section */
		4218D8F729BEDF8D003D511B /* WidgetBundle.swift */ = {isa = PBXFileReference; lastKnownFileType = sourcecode.swift; path = WidgetBundle.swift; sourceTree = "<group>"; };
		4218D8F929BEF7D0003D511B /* SingleRepoWidget.swift */ = {isa = PBXFileReference; lastKnownFileType = sourcecode.swift; path = SingleRepoWidget.swift; sourceTree = "<group>"; };
		4219636C29AC8F7B00CBFCD5 /* repoWatcherWidgetExtension.appex */ = {isa = PBXFileReference; explicitFileType = "wrapper.app-extension"; includeInIndex = 0; path = repoWatcherWidgetExtension.appex; sourceTree = BUILT_PRODUCTS_DIR; };
		4219636E29AC8F7B00CBFCD5 /* WidgetKit.framework */ = {isa = PBXFileReference; lastKnownFileType = wrapper.framework; name = WidgetKit.framework; path = System/Library/Frameworks/WidgetKit.framework; sourceTree = SDKROOT; };
		4219637029AC8F7C00CBFCD5 /* SwiftUI.framework */ = {isa = PBXFileReference; lastKnownFileType = wrapper.framework; name = SwiftUI.framework; path = System/Library/Frameworks/SwiftUI.framework; sourceTree = SDKROOT; };
		4219637329AC8F7C00CBFCD5 /* repoWatcherWidgetBundle.swift */ = {isa = PBXFileReference; lastKnownFileType = sourcecode.swift; path = repoWatcherWidgetBundle.swift; sourceTree = "<group>"; };
		4219637529AC8F7C00CBFCD5 /* DoubleRepoWidget.swift */ = {isa = PBXFileReference; lastKnownFileType = sourcecode.swift; path = DoubleRepoWidget.swift; sourceTree = "<group>"; };
		4219637729AC8F7E00CBFCD5 /* Assets.xcassets */ = {isa = PBXFileReference; lastKnownFileType = folder.assetcatalog; path = Assets.xcassets; sourceTree = "<group>"; };
		4219637929AC8F7E00CBFCD5 /* Info.plist */ = {isa = PBXFileReference; lastKnownFileType = text.plist.xml; path = Info.plist; sourceTree = "<group>"; };
		4219638129ACA50C00CBFCD5 /* Repository.swift */ = {isa = PBXFileReference; lastKnownFileType = sourcecode.swift; path = Repository.swift; sourceTree = "<group>"; };
		4219D8B529AD99730052052A /* NetworkManager.swift */ = {isa = PBXFileReference; lastKnownFileType = sourcecode.swift; path = NetworkManager.swift; sourceTree = "<group>"; };
		422FF55529C017AB00F202CA /* ContributorMediumView.swift */ = {isa = PBXFileReference; lastKnownFileType = sourcecode.swift; path = ContributorMediumView.swift; sourceTree = "<group>"; };
		422FF55729C01BEB00F202CA /* Contributor.swift */ = {isa = PBXFileReference; lastKnownFileType = sourcecode.swift; path = Contributor.swift; sourceTree = "<group>"; };
		423698D129B8597D00816211 /* RepoMediumView.swift */ = {isa = PBXFileReference; lastKnownFileType = sourcecode.swift; path = RepoMediumView.swift; sourceTree = "<group>"; };
		426AE2F629CD808F00F87599 /* repoWatcher.entitlements */ = {isa = PBXFileReference; lastKnownFileType = text.plist.entitlements; path = repoWatcher.entitlements; sourceTree = "<group>"; };
		426AE2F729CD811700F87599 /* UserDefaults+Ext.swift */ = {isa = PBXFileReference; lastKnownFileType = sourcecode.swift; path = "UserDefaults+Ext.swift"; sourceTree = "<group>"; };
		4291622029BEBFEB00A853C2 /* MockData.swift */ = {isa = PBXFileReference; lastKnownFileType = sourcecode.swift; path = MockData.swift; sourceTree = "<group>"; };
		42CF6A3D29AC5ABA0090A51D /* repoWatcher.app */ = {isa = PBXFileReference; explicitFileType = wrapper.application; includeInIndex = 0; path = repoWatcher.app; sourceTree = BUILT_PRODUCTS_DIR; };
		42CF6A4029AC5ABA0090A51D /* repoWatcherApp.swift */ = {isa = PBXFileReference; lastKnownFileType = sourcecode.swift; path = repoWatcherApp.swift; sourceTree = "<group>"; };
		42CF6A4229AC5ABA0090A51D /* ContentView.swift */ = {isa = PBXFileReference; lastKnownFileType = sourcecode.swift; path = ContentView.swift; sourceTree = "<group>"; };
		42CF6A4429AC5ABC0090A51D /* Assets.xcassets */ = {isa = PBXFileReference; lastKnownFileType = folder.assetcatalog; path = Assets.xcassets; sourceTree = "<group>"; };
		42CF6A4729AC5ABC0090A51D /* Preview Assets.xcassets */ = {isa = PBXFileReference; lastKnownFileType = folder.assetcatalog; path = "Preview Assets.xcassets"; sourceTree = "<group>"; };
		42DAEFCA29DAAF66001413B8 /* SelectRepoIntent.intentdefinition */ = {isa = PBXFileReference; lastKnownFileType = file.intentdefinition; path = SelectRepoIntent.intentdefinition; sourceTree = "<group>"; };
		42DAEFCD29DAAF8F001413B8 /* Info.plist */ = {isa = PBXFileReference; lastKnownFileType = text.plist; path = Info.plist; sourceTree = "<group>"; };
		42DAEFD229DAB0F6001413B8 /* RepoWatcherIntense.appex */ = {isa = PBXFileReference; explicitFileType = "wrapper.app-extension"; includeInIndex = 0; path = RepoWatcherIntense.appex; sourceTree = BUILT_PRODUCTS_DIR; };
		42DAEFD329DAB0F6001413B8 /* Intents.framework */ = {isa = PBXFileReference; lastKnownFileType = wrapper.framework; name = Intents.framework; path = System/Library/Frameworks/Intents.framework; sourceTree = SDKROOT; };
		42DAEFD629DAB0F7001413B8 /* IntentHandler.swift */ = {isa = PBXFileReference; lastKnownFileType = sourcecode.swift; path = IntentHandler.swift; sourceTree = "<group>"; };
		42DAEFD829DAB0F7001413B8 /* Info.plist */ = {isa = PBXFileReference; lastKnownFileType = text.plist.xml; path = Info.plist; sourceTree = "<group>"; };
		42DAEFDF29DAB103001413B8 /* RepoWatcherIntense.entitlements */ = {isa = PBXFileReference; lastKnownFileType = text.plist.entitlements; path = RepoWatcherIntense.entitlements; sourceTree = "<group>"; };
/* End PBXFileReference section */

/* Begin PBXFrameworksBuildPhase section */
		4219636929AC8F7B00CBFCD5 /* Frameworks */ = {
			isa = PBXFrameworksBuildPhase;
			buildActionMask = 2147483647;
			files = (
				4219637129AC8F7C00CBFCD5 /* SwiftUI.framework in Frameworks */,
				4219636F29AC8F7C00CBFCD5 /* WidgetKit.framework in Frameworks */,
			);
			runOnlyForDeploymentPostprocessing = 0;
		};
		42CF6A3A29AC5ABA0090A51D /* Frameworks */ = {
			isa = PBXFrameworksBuildPhase;
			buildActionMask = 2147483647;
			files = (
			);
			runOnlyForDeploymentPostprocessing = 0;
		};
		42DAEFCF29DAB0F6001413B8 /* Frameworks */ = {
			isa = PBXFrameworksBuildPhase;
			buildActionMask = 2147483647;
			files = (
				42DAEFD429DAB0F6001413B8 /* Intents.framework in Frameworks */,
			);
			runOnlyForDeploymentPostprocessing = 0;
		};
/* End PBXFrameworksBuildPhase section */

/* Begin PBXGroup section */
		4219636D29AC8F7B00CBFCD5 /* Frameworks */ = {
			isa = PBXGroup;
			children = (
				4219636E29AC8F7B00CBFCD5 /* WidgetKit.framework */,
				4219637029AC8F7C00CBFCD5 /* SwiftUI.framework */,
				42DAEFD329DAB0F6001413B8 /* Intents.framework */,
			);
			name = Frameworks;
			sourceTree = "<group>";
		};
		4219637229AC8F7C00CBFCD5 /* repoWatcherWidget */ = {
			isa = PBXGroup;
			children = (
				4219637329AC8F7C00CBFCD5 /* repoWatcherWidgetBundle.swift */,
				4219637529AC8F7C00CBFCD5 /* DoubleRepoWidget.swift */,
				4218D8F929BEF7D0003D511B /* SingleRepoWidget.swift */,
				4291622029BEBFEB00A853C2 /* MockData.swift */,
				4219637729AC8F7E00CBFCD5 /* Assets.xcassets */,
				4219637929AC8F7E00CBFCD5 /* Info.plist */,
				4219638129ACA50C00CBFCD5 /* Repository.swift */,
				423698D129B8597D00816211 /* RepoMediumView.swift */,
				4218D8F729BEDF8D003D511B /* WidgetBundle.swift */,
				422FF55529C017AB00F202CA /* ContributorMediumView.swift */,
				42DAEFCA29DAAF66001413B8 /* SelectRepoIntent.intentdefinition */,
			);
			path = repoWatcherWidget;
			sourceTree = "<group>";
		};
		42CF6A3429AC5ABA0090A51D = {
			isa = PBXGroup;
			children = (
				42CF6A3F29AC5ABA0090A51D /* repoWatcher */,
				4219637229AC8F7C00CBFCD5 /* repoWatcherWidget */,
				42DAEFD529DAB0F6001413B8 /* RepoWatcherIntense */,
				4219636D29AC8F7B00CBFCD5 /* Frameworks */,
				42CF6A3E29AC5ABA0090A51D /* Products */,
			);
			sourceTree = "<group>";
		};
		42CF6A3E29AC5ABA0090A51D /* Products */ = {
			isa = PBXGroup;
			children = (
				42CF6A3D29AC5ABA0090A51D /* repoWatcher.app */,
				4219636C29AC8F7B00CBFCD5 /* repoWatcherWidgetExtension.appex */,
				42DAEFD229DAB0F6001413B8 /* RepoWatcherIntense.appex */,
			);
			name = Products;
			sourceTree = "<group>";
		};
		42CF6A3F29AC5ABA0090A51D /* repoWatcher */ = {
			isa = PBXGroup;
			children = (
				42DAEFCD29DAAF8F001413B8 /* Info.plist */,
				426AE2F629CD808F00F87599 /* repoWatcher.entitlements */,
				42CF6A4029AC5ABA0090A51D /* repoWatcherApp.swift */,
				422FF55729C01BEB00F202CA /* Contributor.swift */,
				42CF6A4229AC5ABA0090A51D /* ContentView.swift */,
				42CF6A4429AC5ABC0090A51D /* Assets.xcassets */,
				42CF6A4629AC5ABC0090A51D /* Preview Content */,
				4219D8B529AD99730052052A /* NetworkManager.swift */,
				426AE2F729CD811700F87599 /* UserDefaults+Ext.swift */,
			);
			path = repoWatcher;
			sourceTree = "<group>";
		};
		42CF6A4629AC5ABC0090A51D /* Preview Content */ = {
			isa = PBXGroup;
			children = (
				42CF6A4729AC5ABC0090A51D /* Preview Assets.xcassets */,
			);
			path = "Preview Content";
			sourceTree = "<group>";
		};
		42DAEFD529DAB0F6001413B8 /* RepoWatcherIntense */ = {
			isa = PBXGroup;
			children = (
				42DAEFDF29DAB103001413B8 /* RepoWatcherIntense.entitlements */,
				42DAEFD629DAB0F7001413B8 /* IntentHandler.swift */,
				42DAEFD829DAB0F7001413B8 /* Info.plist */,
			);
			path = RepoWatcherIntense;
			sourceTree = "<group>";
		};
/* End PBXGroup section */

/* Begin PBXNativeTarget section */
		4219636B29AC8F7B00CBFCD5 /* repoWatcherWidgetExtension */ = {
			isa = PBXNativeTarget;
			buildConfigurationList = 4219638029AC8F7E00CBFCD5 /* Build configuration list for PBXNativeTarget "repoWatcherWidgetExtension" */;
			buildPhases = (
				4219636829AC8F7B00CBFCD5 /* Sources */,
				4219636929AC8F7B00CBFCD5 /* Frameworks */,
				4219636A29AC8F7B00CBFCD5 /* Resources */,
			);
			buildRules = (
			);
			dependencies = (
			);
			name = repoWatcherWidgetExtension;
			productName = repoWatcherWidgetExtension;
			productReference = 4219636C29AC8F7B00CBFCD5 /* repoWatcherWidgetExtension.appex */;
			productType = "com.apple.product-type.app-extension";
		};
		42CF6A3C29AC5ABA0090A51D /* repoWatcher */ = {
			isa = PBXNativeTarget;
			buildConfigurationList = 42CF6A4B29AC5ABC0090A51D /* Build configuration list for PBXNativeTarget "repoWatcher" */;
			buildPhases = (
				42CF6A3929AC5ABA0090A51D /* Sources */,
				42CF6A3A29AC5ABA0090A51D /* Frameworks */,
				42CF6A3B29AC5ABA0090A51D /* Resources */,
				4219637D29AC8F7E00CBFCD5 /* Embed Foundation Extensions */,
			);
			buildRules = (
			);
			dependencies = (
				4219637B29AC8F7E00CBFCD5 /* PBXTargetDependency */,
				42DAEFDA29DAB0F7001413B8 /* PBXTargetDependency */,
			);
			name = repoWatcher;
			productName = repoWatcher;
			productReference = 42CF6A3D29AC5ABA0090A51D /* repoWatcher.app */;
			productType = "com.apple.product-type.application";
		};
		42DAEFD129DAB0F6001413B8 /* RepoWatcherIntense */ = {
			isa = PBXNativeTarget;
			buildConfigurationList = 42DAEFDC29DAB0F7001413B8 /* Build configuration list for PBXNativeTarget "RepoWatcherIntense" */;
			buildPhases = (
				42DAEFCE29DAB0F6001413B8 /* Sources */,
				42DAEFCF29DAB0F6001413B8 /* Frameworks */,
				42DAEFD029DAB0F6001413B8 /* Resources */,
			);
			buildRules = (
			);
			dependencies = (
			);
			name = RepoWatcherIntense;
			productName = RepoWatcherIntense;
			productReference = 42DAEFD229DAB0F6001413B8 /* RepoWatcherIntense.appex */;
			productType = "com.apple.product-type.app-extension";
		};
/* End PBXNativeTarget section */

/* Begin PBXProject section */
		42CF6A3529AC5ABA0090A51D /* Project object */ = {
			isa = PBXProject;
			attributes = {
				BuildIndependentTargetsInParallel = 1;
				LastSwiftUpdateCheck = 1420;
				LastUpgradeCheck = 1420;
				TargetAttributes = {
					4219636B29AC8F7B00CBFCD5 = {
						CreatedOnToolsVersion = 14.2;
					};
					42CF6A3C29AC5ABA0090A51D = {
						CreatedOnToolsVersion = 14.2;
					};
					42DAEFD129DAB0F6001413B8 = {
						CreatedOnToolsVersion = 14.2;
					};
				};
			};
			buildConfigurationList = 42CF6A3829AC5ABA0090A51D /* Build configuration list for PBXProject "repoWatcher" */;
			compatibilityVersion = "Xcode 14.0";
			developmentRegion = en;
			hasScannedForEncodings = 0;
			knownRegions = (
				en,
				Base,
			);
			mainGroup = 42CF6A3429AC5ABA0090A51D;
			productRefGroup = 42CF6A3E29AC5ABA0090A51D /* Products */;
			projectDirPath = "";
			projectRoot = "";
			targets = (
				42CF6A3C29AC5ABA0090A51D /* repoWatcher */,
				4219636B29AC8F7B00CBFCD5 /* repoWatcherWidgetExtension */,
				42DAEFD129DAB0F6001413B8 /* RepoWatcherIntense */,
			);
		};
/* End PBXProject section */

/* Begin PBXResourcesBuildPhase section */
		4219636A29AC8F7B00CBFCD5 /* Resources */ = {
			isa = PBXResourcesBuildPhase;
			buildActionMask = 2147483647;
			files = (
				4219637829AC8F7E00CBFCD5 /* Assets.xcassets in Resources */,
			);
			runOnlyForDeploymentPostprocessing = 0;
		};
		42CF6A3B29AC5ABA0090A51D /* Resources */ = {
			isa = PBXResourcesBuildPhase;
			buildActionMask = 2147483647;
			files = (
				42CF6A4829AC5ABC0090A51D /* Preview Assets.xcassets in Resources */,
				42CF6A4529AC5ABC0090A51D /* Assets.xcassets in Resources */,
			);
			runOnlyForDeploymentPostprocessing = 0;
		};
		42DAEFD029DAB0F6001413B8 /* Resources */ = {
			isa = PBXResourcesBuildPhase;
			buildActionMask = 2147483647;
			files = (
			);
			runOnlyForDeploymentPostprocessing = 0;
		};
/* End PBXResourcesBuildPhase section */

/* Begin PBXSourcesBuildPhase section */
		4219636829AC8F7B00CBFCD5 /* Sources */ = {
			isa = PBXSourcesBuildPhase;
			buildActionMask = 2147483647;
			files = (
				42DAEFCC29DAAF66001413B8 /* SelectRepoIntent.intentdefinition in Sources */,
				4219D8B729AD99730052052A /* NetworkManager.swift in Sources */,
				422FF55929C01BEB00F202CA /* Contributor.swift in Sources */,
				4218D8FA29BEF7D0003D511B /* SingleRepoWidget.swift in Sources */,
				422FF55629C017AB00F202CA /* ContributorMediumView.swift in Sources */,
				4291622229BEBFEB00A853C2 /* MockData.swift in Sources */,
				423698D329B8597D00816211 /* RepoMediumView.swift in Sources */,
				4219637629AC8F7C00CBFCD5 /* DoubleRepoWidget.swift in Sources */,
				4218D8F829BEDF8D003D511B /* WidgetBundle.swift in Sources */,
				4219637429AC8F7C00CBFCD5 /* repoWatcherWidgetBundle.swift in Sources */,
				4219638329ACA50C00CBFCD5 /* Repository.swift in Sources */,
			);
			runOnlyForDeploymentPostprocessing = 0;
		};
		42CF6A3929AC5ABA0090A51D /* Sources */ = {
			isa = PBXSourcesBuildPhase;
			buildActionMask = 2147483647;
			files = (
				4219D8B629AD99730052052A /* NetworkManager.swift in Sources */,
				4291622129BEBFEB00A853C2 /* MockData.swift in Sources */,
				422FF55829C01BEB00F202CA /* Contributor.swift in Sources */,
				423698D229B8597D00816211 /* RepoMediumView.swift in Sources */,
				426AE2F829CD811700F87599 /* UserDefaults+Ext.swift in Sources */,
				42DAEFCB29DAAF66001413B8 /* SelectRepoIntent.intentdefinition in Sources */,
				42CF6A4329AC5ABA0090A51D /* ContentView.swift in Sources */,
				42CF6A4129AC5ABA0090A51D /* repoWatcherApp.swift in Sources */,
				4219638229ACA50C00CBFCD5 /* Repository.swift in Sources */,
			);
			runOnlyForDeploymentPostprocessing = 0;
		};
		42DAEFCE29DAB0F6001413B8 /* Sources */ = {
			isa = PBXSourcesBuildPhase;
			buildActionMask = 2147483647;
			files = (
				42DAEFE029DAB475001413B8 /* SelectRepoIntent.intentdefinition in Sources */,
				42DAEFD729DAB0F7001413B8 /* IntentHandler.swift in Sources */,
				42DAEFE229DAB4FB001413B8 /* UserDefaults+Ext.swift in Sources */,
			);
			runOnlyForDeploymentPostprocessing = 0;
		};
/* End PBXSourcesBuildPhase section */

/* Begin PBXTargetDependency section */
		4219637B29AC8F7E00CBFCD5 /* PBXTargetDependency */ = {
			isa = PBXTargetDependency;
			target = 4219636B29AC8F7B00CBFCD5 /* repoWatcherWidgetExtension */;
			targetProxy = 4219637A29AC8F7E00CBFCD5 /* PBXContainerItemProxy */;
		};
		42DAEFDA29DAB0F7001413B8 /* PBXTargetDependency */ = {
			isa = PBXTargetDependency;
			target = 42DAEFD129DAB0F6001413B8 /* RepoWatcherIntense */;
			targetProxy = 42DAEFD929DAB0F7001413B8 /* PBXContainerItemProxy */;
		};
/* End PBXTargetDependency section */

/* Begin XCBuildConfiguration section */
		4219637E29AC8F7E00CBFCD5 /* Debug */ = {
			isa = XCBuildConfiguration;
			buildSettings = {
				ASSETCATALOG_COMPILER_GLOBAL_ACCENT_COLOR_NAME = AccentColor;
				ASSETCATALOG_COMPILER_WIDGET_BACKGROUND_COLOR_NAME = WidgetBackground;
				CODE_SIGN_STYLE = Automatic;
				CURRENT_PROJECT_VERSION = 1;
				DEVELOPMENT_TEAM = 4NU36J8PP2;
				GENERATE_INFOPLIST_FILE = YES;
				INFOPLIST_FILE = repoWatcherWidget/Info.plist;
				INFOPLIST_KEY_CFBundleDisplayName = repoWatcherWidget;
				INFOPLIST_KEY_NSHumanReadableCopyright = "";
				LD_RUNPATH_SEARCH_PATHS = (
					"$(inherited)",
					"@executable_path/Frameworks",
					"@executable_path/../../Frameworks",
				);
				MARKETING_VERSION = 1.0;
				PRODUCT_BUNDLE_IDENTIFIER = com.debuggerlab.repoWatcher.repoWatcherWidget;
				PRODUCT_NAME = "$(TARGET_NAME)";
				SKIP_INSTALL = YES;
				SWIFT_EMIT_LOC_STRINGS = YES;
				SWIFT_VERSION = 5.0;
				TARGETED_DEVICE_FAMILY = "1,2";
			};
			name = Debug;
		};
		4219637F29AC8F7E00CBFCD5 /* Release */ = {
			isa = XCBuildConfiguration;
			buildSettings = {
				ASSETCATALOG_COMPILER_GLOBAL_ACCENT_COLOR_NAME = AccentColor;
				ASSETCATALOG_COMPILER_WIDGET_BACKGROUND_COLOR_NAME = WidgetBackground;
				CODE_SIGN_STYLE = Automatic;
				CURRENT_PROJECT_VERSION = 1;
				DEVELOPMENT_TEAM = 4NU36J8PP2;
				GENERATE_INFOPLIST_FILE = YES;
				INFOPLIST_FILE = repoWatcherWidget/Info.plist;
				INFOPLIST_KEY_CFBundleDisplayName = repoWatcherWidget;
				INFOPLIST_KEY_NSHumanReadableCopyright = "";
				LD_RUNPATH_SEARCH_PATHS = (
					"$(inherited)",
					"@executable_path/Frameworks",
					"@executable_path/../../Frameworks",
				);
				MARKETING_VERSION = 1.0;
				PRODUCT_BUNDLE_IDENTIFIER = com.debuggerlab.repoWatcher.repoWatcherWidget;
				PRODUCT_NAME = "$(TARGET_NAME)";
				SKIP_INSTALL = YES;
				SWIFT_EMIT_LOC_STRINGS = YES;
				SWIFT_VERSION = 5.0;
				TARGETED_DEVICE_FAMILY = "1,2";
			};
			name = Release;
		};
		42CF6A4929AC5ABC0090A51D /* Debug */ = {
			isa = XCBuildConfiguration;
			buildSettings = {
				ALWAYS_SEARCH_USER_PATHS = NO;
				CLANG_ANALYZER_NONNULL = YES;
				CLANG_ANALYZER_NUMBER_OBJECT_CONVERSION = YES_AGGRESSIVE;
				CLANG_CXX_LANGUAGE_STANDARD = "gnu++20";
				CLANG_ENABLE_MODULES = YES;
				CLANG_ENABLE_OBJC_ARC = YES;
				CLANG_ENABLE_OBJC_WEAK = YES;
				CLANG_WARN_BLOCK_CAPTURE_AUTORELEASING = YES;
				CLANG_WARN_BOOL_CONVERSION = YES;
				CLANG_WARN_COMMA = YES;
				CLANG_WARN_CONSTANT_CONVERSION = YES;
				CLANG_WARN_DEPRECATED_OBJC_IMPLEMENTATIONS = YES;
				CLANG_WARN_DIRECT_OBJC_ISA_USAGE = YES_ERROR;
				CLANG_WARN_DOCUMENTATION_COMMENTS = YES;
				CLANG_WARN_EMPTY_BODY = YES;
				CLANG_WARN_ENUM_CONVERSION = YES;
				CLANG_WARN_INFINITE_RECURSION = YES;
				CLANG_WARN_INT_CONVERSION = YES;
				CLANG_WARN_NON_LITERAL_NULL_CONVERSION = YES;
				CLANG_WARN_OBJC_IMPLICIT_RETAIN_SELF = YES;
				CLANG_WARN_OBJC_LITERAL_CONVERSION = YES;
				CLANG_WARN_OBJC_ROOT_CLASS = YES_ERROR;
				CLANG_WARN_QUOTED_INCLUDE_IN_FRAMEWORK_HEADER = YES;
				CLANG_WARN_RANGE_LOOP_ANALYSIS = YES;
				CLANG_WARN_STRICT_PROTOTYPES = YES;
				CLANG_WARN_SUSPICIOUS_MOVE = YES;
				CLANG_WARN_UNGUARDED_AVAILABILITY = YES_AGGRESSIVE;
				CLANG_WARN_UNREACHABLE_CODE = YES;
				CLANG_WARN__DUPLICATE_METHOD_MATCH = YES;
				COPY_PHASE_STRIP = NO;
				DEBUG_INFORMATION_FORMAT = dwarf;
				ENABLE_STRICT_OBJC_MSGSEND = YES;
				ENABLE_TESTABILITY = YES;
				GCC_C_LANGUAGE_STANDARD = gnu11;
				GCC_DYNAMIC_NO_PIC = NO;
				GCC_NO_COMMON_BLOCKS = YES;
				GCC_OPTIMIZATION_LEVEL = 0;
				GCC_PREPROCESSOR_DEFINITIONS = (
					"DEBUG=1",
					"$(inherited)",
				);
				GCC_WARN_64_TO_32_BIT_CONVERSION = YES;
				GCC_WARN_ABOUT_RETURN_TYPE = YES_ERROR;
				GCC_WARN_UNDECLARED_SELECTOR = YES;
				GCC_WARN_UNINITIALIZED_AUTOS = YES_AGGRESSIVE;
				GCC_WARN_UNUSED_FUNCTION = YES;
				GCC_WARN_UNUSED_VARIABLE = YES;
				IPHONEOS_DEPLOYMENT_TARGET = 16.2;
				MTL_ENABLE_DEBUG_INFO = INCLUDE_SOURCE;
				MTL_FAST_MATH = YES;
				ONLY_ACTIVE_ARCH = YES;
				SDKROOT = iphoneos;
				SWIFT_ACTIVE_COMPILATION_CONDITIONS = DEBUG;
				SWIFT_OPTIMIZATION_LEVEL = "-Onone";
			};
			name = Debug;
		};
		42CF6A4A29AC5ABC0090A51D /* Release */ = {
			isa = XCBuildConfiguration;
			buildSettings = {
				ALWAYS_SEARCH_USER_PATHS = NO;
				CLANG_ANALYZER_NONNULL = YES;
				CLANG_ANALYZER_NUMBER_OBJECT_CONVERSION = YES_AGGRESSIVE;
				CLANG_CXX_LANGUAGE_STANDARD = "gnu++20";
				CLANG_ENABLE_MODULES = YES;
				CLANG_ENABLE_OBJC_ARC = YES;
				CLANG_ENABLE_OBJC_WEAK = YES;
				CLANG_WARN_BLOCK_CAPTURE_AUTORELEASING = YES;
				CLANG_WARN_BOOL_CONVERSION = YES;
				CLANG_WARN_COMMA = YES;
				CLANG_WARN_CONSTANT_CONVERSION = YES;
				CLANG_WARN_DEPRECATED_OBJC_IMPLEMENTATIONS = YES;
				CLANG_WARN_DIRECT_OBJC_ISA_USAGE = YES_ERROR;
				CLANG_WARN_DOCUMENTATION_COMMENTS = YES;
				CLANG_WARN_EMPTY_BODY = YES;
				CLANG_WARN_ENUM_CONVERSION = YES;
				CLANG_WARN_INFINITE_RECURSION = YES;
				CLANG_WARN_INT_CONVERSION = YES;
				CLANG_WARN_NON_LITERAL_NULL_CONVERSION = YES;
				CLANG_WARN_OBJC_IMPLICIT_RETAIN_SELF = YES;
				CLANG_WARN_OBJC_LITERAL_CONVERSION = YES;
				CLANG_WARN_OBJC_ROOT_CLASS = YES_ERROR;
				CLANG_WARN_QUOTED_INCLUDE_IN_FRAMEWORK_HEADER = YES;
				CLANG_WARN_RANGE_LOOP_ANALYSIS = YES;
				CLANG_WARN_STRICT_PROTOTYPES = YES;
				CLANG_WARN_SUSPICIOUS_MOVE = YES;
				CLANG_WARN_UNGUARDED_AVAILABILITY = YES_AGGRESSIVE;
				CLANG_WARN_UNREACHABLE_CODE = YES;
				CLANG_WARN__DUPLICATE_METHOD_MATCH = YES;
				COPY_PHASE_STRIP = NO;
				DEBUG_INFORMATION_FORMAT = "dwarf-with-dsym";
				ENABLE_NS_ASSERTIONS = NO;
				ENABLE_STRICT_OBJC_MSGSEND = YES;
				GCC_C_LANGUAGE_STANDARD = gnu11;
				GCC_NO_COMMON_BLOCKS = YES;
				GCC_WARN_64_TO_32_BIT_CONVERSION = YES;
				GCC_WARN_ABOUT_RETURN_TYPE = YES_ERROR;
				GCC_WARN_UNDECLARED_SELECTOR = YES;
				GCC_WARN_UNINITIALIZED_AUTOS = YES_AGGRESSIVE;
				GCC_WARN_UNUSED_FUNCTION = YES;
				GCC_WARN_UNUSED_VARIABLE = YES;
				IPHONEOS_DEPLOYMENT_TARGET = 16.2;
				MTL_ENABLE_DEBUG_INFO = NO;
				MTL_FAST_MATH = YES;
				SDKROOT = iphoneos;
				SWIFT_COMPILATION_MODE = wholemodule;
				SWIFT_OPTIMIZATION_LEVEL = "-O";
				VALIDATE_PRODUCT = YES;
			};
			name = Release;
		};
		42CF6A4C29AC5ABC0090A51D /* Debug */ = {
			isa = XCBuildConfiguration;
			buildSettings = {
				ALWAYS_EMBED_SWIFT_STANDARD_LIBRARIES = YES;
				ASSETCATALOG_COMPILER_APPICON_NAME = AppIcon;
				ASSETCATALOG_COMPILER_GLOBAL_ACCENT_COLOR_NAME = AccentColor;
				CODE_SIGN_ENTITLEMENTS = repoWatcher/repoWatcher.entitlements;
				CODE_SIGN_STYLE = Automatic;
				CURRENT_PROJECT_VERSION = 1;
				DEVELOPMENT_ASSET_PATHS = "\"repoWatcher/Preview Content\"";
				DEVELOPMENT_TEAM = 4NU36J8PP2;
				ENABLE_PREVIEWS = YES;
				GENERATE_INFOPLIST_FILE = YES;
				INFOPLIST_FILE = repoWatcher/Info.plist;
				INFOPLIST_KEY_UIApplicationSceneManifest_Generation = YES;
				INFOPLIST_KEY_UIApplicationSupportsIndirectInputEvents = YES;
				INFOPLIST_KEY_UILaunchScreen_Generation = YES;
				INFOPLIST_KEY_UISupportedInterfaceOrientations_iPad = "UIInterfaceOrientationPortrait UIInterfaceOrientationPortraitUpsideDown UIInterfaceOrientationLandscapeLeft UIInterfaceOrientationLandscapeRight";
				INFOPLIST_KEY_UISupportedInterfaceOrientations_iPhone = "UIInterfaceOrientationPortrait UIInterfaceOrientationLandscapeLeft UIInterfaceOrientationLandscapeRight";
				LD_RUNPATH_SEARCH_PATHS = (
					"$(inherited)",
					"@executable_path/Frameworks",
				);
				MARKETING_VERSION = 1.0;
				PRODUCT_BUNDLE_IDENTIFIER = com.debuggerlab.repoWatcher;
				PRODUCT_NAME = "$(TARGET_NAME)";
				SWIFT_EMIT_LOC_STRINGS = YES;
				SWIFT_VERSION = 5.0;
				TARGETED_DEVICE_FAMILY = "1,2";
			};
			name = Debug;
		};
		42CF6A4D29AC5ABC0090A51D /* Release */ = {
			isa = XCBuildConfiguration;
			buildSettings = {
				ALWAYS_EMBED_SWIFT_STANDARD_LIBRARIES = YES;
				ASSETCATALOG_COMPILER_APPICON_NAME = AppIcon;
				ASSETCATALOG_COMPILER_GLOBAL_ACCENT_COLOR_NAME = AccentColor;
				CODE_SIGN_ENTITLEMENTS = repoWatcher/repoWatcher.entitlements;
				CODE_SIGN_STYLE = Automatic;
				CURRENT_PROJECT_VERSION = 1;
				DEVELOPMENT_ASSET_PATHS = "\"repoWatcher/Preview Content\"";
				DEVELOPMENT_TEAM = 4NU36J8PP2;
				ENABLE_PREVIEWS = YES;
				GENERATE_INFOPLIST_FILE = YES;
				INFOPLIST_FILE = repoWatcher/Info.plist;
				INFOPLIST_KEY_UIApplicationSceneManifest_Generation = YES;
				INFOPLIST_KEY_UIApplicationSupportsIndirectInputEvents = YES;
				INFOPLIST_KEY_UILaunchScreen_Generation = YES;
				INFOPLIST_KEY_UISupportedInterfaceOrientations_iPad = "UIInterfaceOrientationPortrait UIInterfaceOrientationPortraitUpsideDown UIInterfaceOrientationLandscapeLeft UIInterfaceOrientationLandscapeRight";
				INFOPLIST_KEY_UISupportedInterfaceOrientations_iPhone = "UIInterfaceOrientationPortrait UIInterfaceOrientationLandscapeLeft UIInterfaceOrientationLandscapeRight";
				LD_RUNPATH_SEARCH_PATHS = (
					"$(inherited)",
					"@executable_path/Frameworks",
				);
				MARKETING_VERSION = 1.0;
				PRODUCT_BUNDLE_IDENTIFIER = com.debuggerlab.repoWatcher;
				PRODUCT_NAME = "$(TARGET_NAME)";
				SWIFT_EMIT_LOC_STRINGS = YES;
				SWIFT_VERSION = 5.0;
				TARGETED_DEVICE_FAMILY = "1,2";
			};
			name = Release;
		};
		42DAEFDD29DAB0F7001413B8 /* Debug */ = {
			isa = XCBuildConfiguration;
			buildSettings = {
				CODE_SIGN_ENTITLEMENTS = RepoWatcherIntense/RepoWatcherIntense.entitlements;
				CODE_SIGN_STYLE = Automatic;
				CURRENT_PROJECT_VERSION = 1;
				DEVELOPMENT_TEAM = 4NU36J8PP2;
				GENERATE_INFOPLIST_FILE = YES;
				INFOPLIST_FILE = RepoWatcherIntense/Info.plist;
				INFOPLIST_KEY_CFBundleDisplayName = RepoWatcherIntense;
				INFOPLIST_KEY_NSHumanReadableCopyright = "";
				LD_RUNPATH_SEARCH_PATHS = (
					"$(inherited)",
					"@executable_path/Frameworks",
					"@executable_path/../../Frameworks",
				);
				MARKETING_VERSION = 1.0;
				PRODUCT_BUNDLE_IDENTIFIER = com.debuggerlab.repoWatcher.RepoWatcherIntense;
				PRODUCT_NAME = "$(TARGET_NAME)";
				SKIP_INSTALL = YES;
				SWIFT_EMIT_LOC_STRINGS = YES;
				SWIFT_VERSION = 5.0;
				TARGETED_DEVICE_FAMILY = "1,2";
			};
			name = Debug;
		};
		42DAEFDE29DAB0F7001413B8 /* Release */ = {
			isa = XCBuildConfiguration;
			buildSettings = {
				CODE_SIGN_ENTITLEMENTS = RepoWatcherIntense/RepoWatcherIntense.entitlements;
				CODE_SIGN_STYLE = Automatic;
				CURRENT_PROJECT_VERSION = 1;
				DEVELOPMENT_TEAM = 4NU36J8PP2;
				GENERATE_INFOPLIST_FILE = YES;
				INFOPLIST_FILE = RepoWatcherIntense/Info.plist;
				INFOPLIST_KEY_CFBundleDisplayName = RepoWatcherIntense;
				INFOPLIST_KEY_NSHumanReadableCopyright = "";
				LD_RUNPATH_SEARCH_PATHS = (
					"$(inherited)",
					"@executable_path/Frameworks",
					"@executable_path/../../Frameworks",
				);
				MARKETING_VERSION = 1.0;
				PRODUCT_BUNDLE_IDENTIFIER = com.debuggerlab.repoWatcher.RepoWatcherIntense;
				PRODUCT_NAME = "$(TARGET_NAME)";
				SKIP_INSTALL = YES;
				SWIFT_EMIT_LOC_STRINGS = YES;
				SWIFT_VERSION = 5.0;
				TARGETED_DEVICE_FAMILY = "1,2";
			};
			name = Release;
		};
/* End XCBuildConfiguration section */

/* Begin XCConfigurationList section */
		4219638029AC8F7E00CBFCD5 /* Build configuration list for PBXNativeTarget "repoWatcherWidgetExtension" */ = {
			isa = XCConfigurationList;
			buildConfigurations = (
				4219637E29AC8F7E00CBFCD5 /* Debug */,
				4219637F29AC8F7E00CBFCD5 /* Release */,
			);
			defaultConfigurationIsVisible = 0;
			defaultConfigurationName = Release;
		};
		42CF6A3829AC5ABA0090A51D /* Build configuration list for PBXProject "repoWatcher" */ = {
			isa = XCConfigurationList;
			buildConfigurations = (
				42CF6A4929AC5ABC0090A51D /* Debug */,
				42CF6A4A29AC5ABC0090A51D /* Release */,
			);
			defaultConfigurationIsVisible = 0;
			defaultConfigurationName = Release;
		};
		42CF6A4B29AC5ABC0090A51D /* Build configuration list for PBXNativeTarget "repoWatcher" */ = {
			isa = XCConfigurationList;
			buildConfigurations = (
				42CF6A4C29AC5ABC0090A51D /* Debug */,
				42CF6A4D29AC5ABC0090A51D /* Release */,
			);
			defaultConfigurationIsVisible = 0;
			defaultConfigurationName = Release;
		};
		42DAEFDC29DAB0F7001413B8 /* Build configuration list for PBXNativeTarget "RepoWatcherIntense" */ = {
			isa = XCConfigurationList;
			buildConfigurations = (
				42DAEFDD29DAB0F7001413B8 /* Debug */,
				42DAEFDE29DAB0F7001413B8 /* Release */,
			);
			defaultConfigurationIsVisible = 0;
			defaultConfigurationName = Release;
		};
/* End XCConfigurationList section */
	};
	rootObject = 42CF6A3529AC5ABA0090A51D /* Project object */;
}
